
Microsoft Visual Studio Solution File, Format Version 12.00
# Visual Studio 2013
VisualStudioVersion = 12.0.21005.1
MinimumVisualStudioVersion = 10.0.40219.1
Project("{FAE04EC0-301F-11D3-BF4B-00C04F79EFBC}") = "WindowsPCL", "..\WindowsPCL\WindowsPCL.csproj", "{1037B76A-1170-414D-AFAE-4C4621E78007}"
EndProject
Project("{FAE04EC0-301F-11D3-BF4B-00C04F79EFBC}") = "WindowsPCLnet40", "..\WindowsPCLnet40\WindowsPCLnet40.csproj", "{C739ABC8-258E-4111-ACD8-6CE58D00633D}"
EndProject
Project("{FAE04EC0-301F-11D3-BF4B-00C04F79EFBC}") = "AdjustIoWP", "..\WindowsPhone\AdjustIoWP.csproj", "{147466FE-FAF6-455A-8CA0-6819D0E7D82D}"
EndProject
Project("{FAE04EC0-301F-11D3-BF4B-00C04F79EFBC}") = "WindowsStore", "..\WindowsStore\WindowsStore.csproj", "{882C2A80-B6A5-42A2-8E28-0749B2090D04}"
EndProject
Global
	GlobalSection(SolutionConfigurationPlatforms) = preSolution
		Debug|Any CPU = Debug|Any CPU
		Debug|ARM = Debug|ARM
		Debug|x64 = Debug|x64
		Debug|x86 = Debug|x86
		Release|Any CPU = Release|Any CPU
		Release|ARM = Release|ARM
		Release|x64 = Release|x64
		Release|x86 = Release|x86
	EndGlobalSection
	GlobalSection(ProjectConfigurationPlatforms) = postSolution
		{1037B76A-1170-414D-AFAE-4C4621E78007}.Debug|Any CPU.ActiveCfg = Debug|Any CPU
		{1037B76A-1170-414D-AFAE-4C4621E78007}.Debug|Any CPU.Build.0 = Debug|Any CPU
		{1037B76A-1170-414D-AFAE-4C4621E78007}.Debug|ARM.ActiveCfg = Debug|Any CPU
		{1037B76A-1170-414D-AFAE-4C4621E78007}.Debug|x64.ActiveCfg = Debug|Any CPU
		{1037B76A-1170-414D-AFAE-4C4621E78007}.Debug|x86.ActiveCfg = Debug|Any CPU
		{1037B76A-1170-414D-AFAE-4C4621E78007}.Release|Any CPU.ActiveCfg = Release|Any CPU
		{1037B76A-1170-414D-AFAE-4C4621E78007}.Release|Any CPU.Build.0 = Release|Any CPU
		{1037B76A-1170-414D-AFAE-4C4621E78007}.Release|ARM.ActiveCfg = Release|Any CPU
		{1037B76A-1170-414D-AFAE-4C4621E78007}.Release|x64.ActiveCfg = Release|Any CPU
		{1037B76A-1170-414D-AFAE-4C4621E78007}.Release|x86.ActiveCfg = Release|Any CPU
		{C739ABC8-258E-4111-ACD8-6CE58D00633D}.Debug|Any CPU.ActiveCfg = Debug|Any CPU
		{C739ABC8-258E-4111-ACD8-6CE58D00633D}.Debug|Any CPU.Build.0 = Debug|Any CPU
		{C739ABC8-258E-4111-ACD8-6CE58D00633D}.Debug|ARM.ActiveCfg = Debug|Any CPU
		{C739ABC8-258E-4111-ACD8-6CE58D00633D}.Debug|x64.ActiveCfg = Debug|Any CPU
		{C739ABC8-258E-4111-ACD8-6CE58D00633D}.Debug|x86.ActiveCfg = Debug|Any CPU
		{C739ABC8-258E-4111-ACD8-6CE58D00633D}.Release|Any CPU.ActiveCfg = Release|Any CPU
		{C739ABC8-258E-4111-ACD8-6CE58D00633D}.Release|Any CPU.Build.0 = Release|Any CPU
		{C739ABC8-258E-4111-ACD8-6CE58D00633D}.Release|ARM.ActiveCfg = Release|Any CPU
		{C739ABC8-258E-4111-ACD8-6CE58D00633D}.Release|x64.ActiveCfg = Release|Any CPU
		{C739ABC8-258E-4111-ACD8-6CE58D00633D}.Release|x86.ActiveCfg = Release|Any CPU
		{147466FE-FAF6-455A-8CA0-6819D0E7D82D}.Debug|Any CPU.ActiveCfg = Debug|Any CPU
		{147466FE-FAF6-455A-8CA0-6819D0E7D82D}.Debug|Any CPU.Build.0 = Debug|Any CPU
		{147466FE-FAF6-455A-8CA0-6819D0E7D82D}.Debug|ARM.ActiveCfg = Debug|ARM
		{147466FE-FAF6-455A-8CA0-6819D0E7D82D}.Debug|ARM.Build.0 = Debug|ARM
		{147466FE-FAF6-455A-8CA0-6819D0E7D82D}.Debug|x64.ActiveCfg = Debug|Any CPU
		{147466FE-FAF6-455A-8CA0-6819D0E7D82D}.Debug|x86.ActiveCfg = Debug|x86
		{147466FE-FAF6-455A-8CA0-6819D0E7D82D}.Debug|x86.Build.0 = Debug|x86
		{147466FE-FAF6-455A-8CA0-6819D0E7D82D}.Release|Any CPU.ActiveCfg = Release|Any CPU
		{147466FE-FAF6-455A-8CA0-6819D0E7D82D}.Release|Any CPU.Build.0 = Release|Any CPU
		{147466FE-FAF6-455A-8CA0-6819D0E7D82D}.Release|ARM.ActiveCfg = Release|ARM
		{147466FE-FAF6-455A-8CA0-6819D0E7D82D}.Release|ARM.Build.0 = Release|ARM
		{147466FE-FAF6-455A-8CA0-6819D0E7D82D}.Release|x64.ActiveCfg = Release|Any CPU
		{147466FE-FAF6-455A-8CA0-6819D0E7D82D}.Release|x86.ActiveCfg = Release|x86
		{147466FE-FAF6-455A-8CA0-6819D0E7D82D}.Release|x86.Build.0 = Release|x86
		{882C2A80-B6A5-42A2-8E28-0749B2090D04}.Debug|Any CPU.ActiveCfg = Debug|Any CPU
		{882C2A80-B6A5-42A2-8E28-0749B2090D04}.Debug|Any CPU.Build.0 = Debug|Any CPU
		{882C2A80-B6A5-42A2-8E28-0749B2090D04}.Debug|ARM.ActiveCfg = Debug|ARM
		{882C2A80-B6A5-42A2-8E28-0749B2090D04}.Debug|ARM.Build.0 = Debug|ARM
		{882C2A80-B6A5-42A2-8E28-0749B2090D04}.Debug|x64.ActiveCfg = Debug|x64
		{882C2A80-B6A5-42A2-8E28-0749B2090D04}.Debug|x64.Build.0 = Debug|x64
		{882C2A80-B6A5-42A2-8E28-0749B2090D04}.Debug|x86.ActiveCfg = Debug|x86
		{882C2A80-B6A5-42A2-8E28-0749B2090D04}.Debug|x86.Build.0 = Debug|x86
		{882C2A80-B6A5-42A2-8E28-0749B2090D04}.Release|Any CPU.ActiveCfg = Release|Any CPU
		{882C2A80-B6A5-42A2-8E28-0749B2090D04}.Release|Any CPU.Build.0 = Release|Any CPU
		{882C2A80-B6A5-42A2-8E28-0749B2090D04}.Release|ARM.ActiveCfg = Release|ARM
		{882C2A80-B6A5-42A2-8E28-0749B2090D04}.Release|ARM.Build.0 = Release|ARM
		{882C2A80-B6A5-42A2-8E28-0749B2090D04}.Release|x64.ActiveCfg = Release|x64
		{882C2A80-B6A5-42A2-8E28-0749B2090D04}.Release|x64.Build.0 = Release|x64
		{882C2A80-B6A5-42A2-8E28-0749B2090D04}.Release|x86.ActiveCfg = Release|x86
		{882C2A80-B6A5-42A2-8E28-0749B2090D04}.Release|x86.Build.0 = Release|x86
	EndGlobalSection
	GlobalSection(SolutionProperties) = preSolution
		HideSolutionNode = FALSE
	EndGlobalSection
EndGlobal
