
Microsoft Visual Studio Solution File, Format Version 12.00
# Visual Studio 14
VisualStudioVersion = 14.0.23107.0
MinimumVisualStudioVersion = 10.0.40219.1
Project("{FAE04EC0-301F-11D3-BF4B-00C04F79EFBC}") = "WindowsPcl", "..\WindowsPCL\WindowsPcl.csproj", "{1037B76A-1170-414D-AFAE-4C4621E78007}"
EndProject
Project("{FAE04EC0-301F-11D3-BF4B-00C04F79EFBC}") = "WindowsPclNet40", "..\WindowsPCLnet40\WindowsPclNet40.csproj", "{C739ABC8-258E-4111-ACD8-6CE58D00633D}"
EndProject
Project("{FAE04EC0-301F-11D3-BF4B-00C04F79EFBC}") = "AdjustWS", "..\WindowsStore\AdjustWS.csproj", "{882C2A80-B6A5-42A2-8E28-0749B2090D04}"
EndProject
Project("{FAE04EC0-301F-11D3-BF4B-00C04F79EFBC}") = "AdjustTestPcl", "AdjustPclTest\AdjustTestPcl.csproj", "{1C45AFC4-DB01-4D8E-95C6-9EC258E55C65}"
EndProject
Project("{FAE04EC0-301F-11D3-BF4B-00C04F79EFBC}") = "AdjustWSTest", "AdjustWSTest\AdjustWSTest.csproj", "{C07AED5D-1A21-47F2-AB88-C2DB72C7DEFF}"
EndProject
Project("{2150E333-8FDC-42A3-9474-1A3956D46DE8}") = "Solution Items", "Solution Items", "{DCEB96BB-F224-4226-B19E-C3FF88A3E5E1}"
	ProjectSection(SolutionItems) = preProject
		Adjust.testsettings = Adjust.testsettings
	EndProjectSection
EndProject
Project("{FAE04EC0-301F-11D3-BF4B-00C04F79EFBC}") = "AdjustWP81", "..\WindowsPhone81\AdjustWP81.csproj", "{1057A921-4BC8-4CA0-B970-E657A34AA6C3}"
EndProject
Project("{FAE04EC0-301F-11D3-BF4B-00C04F79EFBC}") = "AdjustWP81Test", "AdjustWP81Test\AdjustWP81Test.csproj", "{F4317F7B-B6A2-44A2-A0D2-E6336501E58C}"
EndProject
Project("{2150E333-8FDC-42A3-9474-1A3956D46DE8}") = ".nuget", ".nuget", "{BB32951F-E310-4879-9086-E08A3090F26B}"
	ProjectSection(SolutionItems) = preProject
		.nuget\NuGet.Config = .nuget\NuGet.Config
		.nuget\NuGet.exe = .nuget\NuGet.exe
		.nuget\NuGet.targets = .nuget\NuGet.targets
	EndProjectSection
EndProject
Project("{FAE04EC0-301F-11D3-BF4B-00C04F79EFBC}") = "AdjustWP80", "..\WindowsPhone80\AdjustWP80.csproj", "{147466FE-FAF6-455A-8CA0-6819D0E7D82D}"
EndProject
Project("{FAE04EC0-301F-11D3-BF4B-00C04F79EFBC}") = "AdjustWP80Test", "AdjustWP80Test\AdjustWP80Test.csproj", "{7B5538AC-2EF0-47D7-A618-E52820524766}"
EndProject
Project("{FAE04EC0-301F-11D3-BF4B-00C04F79EFBC}") = "WindowsUap", "..\WindowsUap\WindowsUap.csproj", "{4AA3181E-FBD4-4D11-AC6C-ABCD52C6516A}"
EndProject
Project("{FAE04EC0-301F-11D3-BF4B-00C04F79EFBC}") = "AdjustWP80Example", "AdjustWP80Example\AdjustWP80Example.csproj", "{111E167D-4BB9-410A-8C9E-424BFA598C5C}"
EndProject
Project("{FAE04EC0-301F-11D3-BF4B-00C04F79EFBC}") = "AdjustWP81Example", "AdjustWP81Example\AdjustWP81Example.csproj", "{FE1441FA-1FAB-4AE5-AAAE-A6ECE9990406}"
EndProject
Project("{FAE04EC0-301F-11D3-BF4B-00C04F79EFBC}") = "AdjustWSExample", "AdjustWSExample\AdjustWSExample.csproj", "{EB84D0D2-583E-405E-9272-0F5FE2DCA507}"
EndProject
Project("{FAE04EC0-301F-11D3-BF4B-00C04F79EFBC}") = "AdjustUAP10", "..\WindowsUAP10\AdjustUAP10.csproj", "{0013B5DC-2C9F-4CDE-8FB2-56CDAC76028E}"
EndProject
Global
	GlobalSection(SolutionConfigurationPlatforms) = preSolution
		Debug|Any CPU = Debug|Any CPU
		Debug|ARM = Debug|ARM
		Debug|Mixed Platforms = Debug|Mixed Platforms
		Debug|x64 = Debug|x64
		Debug|x86 = Debug|x86
		Release|Any CPU = Release|Any CPU
		Release|ARM = Release|ARM
		Release|Mixed Platforms = Release|Mixed Platforms
		Release|x64 = Release|x64
		Release|x86 = Release|x86
	EndGlobalSection
	GlobalSection(ProjectConfigurationPlatforms) = postSolution
		{1037B76A-1170-414D-AFAE-4C4621E78007}.Debug|Any CPU.ActiveCfg = Debug|Any CPU
		{1037B76A-1170-414D-AFAE-4C4621E78007}.Debug|Any CPU.Build.0 = Debug|Any CPU
		{1037B76A-1170-414D-AFAE-4C4621E78007}.Debug|ARM.ActiveCfg = Debug|Any CPU
		{1037B76A-1170-414D-AFAE-4C4621E78007}.Debug|Mixed Platforms.ActiveCfg = Debug|Any CPU
		{1037B76A-1170-414D-AFAE-4C4621E78007}.Debug|Mixed Platforms.Build.0 = Debug|Any CPU
		{1037B76A-1170-414D-AFAE-4C4621E78007}.Debug|x64.ActiveCfg = Debug|Any CPU
		{1037B76A-1170-414D-AFAE-4C4621E78007}.Debug|x86.ActiveCfg = Debug|Any CPU
		{1037B76A-1170-414D-AFAE-4C4621E78007}.Release|Any CPU.ActiveCfg = Release|Any CPU
		{1037B76A-1170-414D-AFAE-4C4621E78007}.Release|Any CPU.Build.0 = Release|Any CPU
		{1037B76A-1170-414D-AFAE-4C4621E78007}.Release|ARM.ActiveCfg = Release|Any CPU
		{1037B76A-1170-414D-AFAE-4C4621E78007}.Release|Mixed Platforms.ActiveCfg = Release|Any CPU
		{1037B76A-1170-414D-AFAE-4C4621E78007}.Release|Mixed Platforms.Build.0 = Release|Any CPU
		{1037B76A-1170-414D-AFAE-4C4621E78007}.Release|x64.ActiveCfg = Release|Any CPU
		{1037B76A-1170-414D-AFAE-4C4621E78007}.Release|x86.ActiveCfg = Release|Any CPU
		{C739ABC8-258E-4111-ACD8-6CE58D00633D}.Debug|Any CPU.ActiveCfg = Debug|Any CPU
		{C739ABC8-258E-4111-ACD8-6CE58D00633D}.Debug|Any CPU.Build.0 = Debug|Any CPU
		{C739ABC8-258E-4111-ACD8-6CE58D00633D}.Debug|ARM.ActiveCfg = Debug|Any CPU
		{C739ABC8-258E-4111-ACD8-6CE58D00633D}.Debug|Mixed Platforms.ActiveCfg = Debug|Any CPU
		{C739ABC8-258E-4111-ACD8-6CE58D00633D}.Debug|Mixed Platforms.Build.0 = Debug|Any CPU
		{C739ABC8-258E-4111-ACD8-6CE58D00633D}.Debug|x64.ActiveCfg = Debug|Any CPU
		{C739ABC8-258E-4111-ACD8-6CE58D00633D}.Debug|x86.ActiveCfg = Debug|Any CPU
		{C739ABC8-258E-4111-ACD8-6CE58D00633D}.Release|Any CPU.ActiveCfg = Release|Any CPU
		{C739ABC8-258E-4111-ACD8-6CE58D00633D}.Release|Any CPU.Build.0 = Release|Any CPU
		{C739ABC8-258E-4111-ACD8-6CE58D00633D}.Release|ARM.ActiveCfg = Release|Any CPU
		{C739ABC8-258E-4111-ACD8-6CE58D00633D}.Release|Mixed Platforms.ActiveCfg = Release|Any CPU
		{C739ABC8-258E-4111-ACD8-6CE58D00633D}.Release|Mixed Platforms.Build.0 = Release|Any CPU
		{C739ABC8-258E-4111-ACD8-6CE58D00633D}.Release|x64.ActiveCfg = Release|Any CPU
		{C739ABC8-258E-4111-ACD8-6CE58D00633D}.Release|x86.ActiveCfg = Release|Any CPU
		{882C2A80-B6A5-42A2-8E28-0749B2090D04}.Debug|Any CPU.ActiveCfg = Debug|Any CPU
		{882C2A80-B6A5-42A2-8E28-0749B2090D04}.Debug|Any CPU.Build.0 = Debug|Any CPU
		{882C2A80-B6A5-42A2-8E28-0749B2090D04}.Debug|ARM.ActiveCfg = Debug|ARM
		{882C2A80-B6A5-42A2-8E28-0749B2090D04}.Debug|ARM.Build.0 = Debug|ARM
		{882C2A80-B6A5-42A2-8E28-0749B2090D04}.Debug|Mixed Platforms.ActiveCfg = Debug|Any CPU
		{882C2A80-B6A5-42A2-8E28-0749B2090D04}.Debug|Mixed Platforms.Build.0 = Debug|Any CPU
		{882C2A80-B6A5-42A2-8E28-0749B2090D04}.Debug|x64.ActiveCfg = Debug|x64
		{882C2A80-B6A5-42A2-8E28-0749B2090D04}.Debug|x64.Build.0 = Debug|x64
		{882C2A80-B6A5-42A2-8E28-0749B2090D04}.Debug|x86.ActiveCfg = Debug|x86
		{882C2A80-B6A5-42A2-8E28-0749B2090D04}.Debug|x86.Build.0 = Debug|x86
		{882C2A80-B6A5-42A2-8E28-0749B2090D04}.Release|Any CPU.ActiveCfg = Release|Any CPU
		{882C2A80-B6A5-42A2-8E28-0749B2090D04}.Release|Any CPU.Build.0 = Release|Any CPU
		{882C2A80-B6A5-42A2-8E28-0749B2090D04}.Release|ARM.ActiveCfg = Release|ARM
		{882C2A80-B6A5-42A2-8E28-0749B2090D04}.Release|ARM.Build.0 = Release|ARM
		{882C2A80-B6A5-42A2-8E28-0749B2090D04}.Release|Mixed Platforms.ActiveCfg = Release|Any CPU
		{882C2A80-B6A5-42A2-8E28-0749B2090D04}.Release|Mixed Platforms.Build.0 = Release|Any CPU
		{882C2A80-B6A5-42A2-8E28-0749B2090D04}.Release|x64.ActiveCfg = Release|x64
		{882C2A80-B6A5-42A2-8E28-0749B2090D04}.Release|x64.Build.0 = Release|x64
		{882C2A80-B6A5-42A2-8E28-0749B2090D04}.Release|x86.ActiveCfg = Release|x86
		{882C2A80-B6A5-42A2-8E28-0749B2090D04}.Release|x86.Build.0 = Release|x86
		{1C45AFC4-DB01-4D8E-95C6-9EC258E55C65}.Debug|Any CPU.ActiveCfg = Debug|Any CPU
		{1C45AFC4-DB01-4D8E-95C6-9EC258E55C65}.Debug|Any CPU.Build.0 = Debug|Any CPU
		{1C45AFC4-DB01-4D8E-95C6-9EC258E55C65}.Debug|ARM.ActiveCfg = Debug|Any CPU
		{1C45AFC4-DB01-4D8E-95C6-9EC258E55C65}.Debug|Mixed Platforms.ActiveCfg = Debug|Any CPU
		{1C45AFC4-DB01-4D8E-95C6-9EC258E55C65}.Debug|Mixed Platforms.Build.0 = Debug|Any CPU
		{1C45AFC4-DB01-4D8E-95C6-9EC258E55C65}.Debug|x64.ActiveCfg = Debug|Any CPU
		{1C45AFC4-DB01-4D8E-95C6-9EC258E55C65}.Debug|x86.ActiveCfg = Debug|Any CPU
		{1C45AFC4-DB01-4D8E-95C6-9EC258E55C65}.Release|Any CPU.ActiveCfg = Release|Any CPU
		{1C45AFC4-DB01-4D8E-95C6-9EC258E55C65}.Release|Any CPU.Build.0 = Release|Any CPU
		{1C45AFC4-DB01-4D8E-95C6-9EC258E55C65}.Release|ARM.ActiveCfg = Release|Any CPU
		{1C45AFC4-DB01-4D8E-95C6-9EC258E55C65}.Release|Mixed Platforms.ActiveCfg = Release|Any CPU
		{1C45AFC4-DB01-4D8E-95C6-9EC258E55C65}.Release|Mixed Platforms.Build.0 = Release|Any CPU
		{1C45AFC4-DB01-4D8E-95C6-9EC258E55C65}.Release|x64.ActiveCfg = Release|Any CPU
		{1C45AFC4-DB01-4D8E-95C6-9EC258E55C65}.Release|x86.ActiveCfg = Release|Any CPU
		{C07AED5D-1A21-47F2-AB88-C2DB72C7DEFF}.Debug|Any CPU.ActiveCfg = Debug|Any CPU
		{C07AED5D-1A21-47F2-AB88-C2DB72C7DEFF}.Debug|Any CPU.Build.0 = Debug|Any CPU
		{C07AED5D-1A21-47F2-AB88-C2DB72C7DEFF}.Debug|Any CPU.Deploy.0 = Debug|Any CPU
		{C07AED5D-1A21-47F2-AB88-C2DB72C7DEFF}.Debug|ARM.ActiveCfg = Debug|ARM
		{C07AED5D-1A21-47F2-AB88-C2DB72C7DEFF}.Debug|ARM.Build.0 = Debug|ARM
		{C07AED5D-1A21-47F2-AB88-C2DB72C7DEFF}.Debug|ARM.Deploy.0 = Debug|ARM
		{C07AED5D-1A21-47F2-AB88-C2DB72C7DEFF}.Debug|Mixed Platforms.ActiveCfg = Debug|Any CPU
		{C07AED5D-1A21-47F2-AB88-C2DB72C7DEFF}.Debug|Mixed Platforms.Build.0 = Debug|Any CPU
		{C07AED5D-1A21-47F2-AB88-C2DB72C7DEFF}.Debug|Mixed Platforms.Deploy.0 = Debug|Any CPU
		{C07AED5D-1A21-47F2-AB88-C2DB72C7DEFF}.Debug|x64.ActiveCfg = Debug|x64
		{C07AED5D-1A21-47F2-AB88-C2DB72C7DEFF}.Debug|x64.Build.0 = Debug|x64
		{C07AED5D-1A21-47F2-AB88-C2DB72C7DEFF}.Debug|x64.Deploy.0 = Debug|x64
		{C07AED5D-1A21-47F2-AB88-C2DB72C7DEFF}.Debug|x86.ActiveCfg = Debug|x86
		{C07AED5D-1A21-47F2-AB88-C2DB72C7DEFF}.Debug|x86.Build.0 = Debug|x86
		{C07AED5D-1A21-47F2-AB88-C2DB72C7DEFF}.Debug|x86.Deploy.0 = Debug|x86
		{C07AED5D-1A21-47F2-AB88-C2DB72C7DEFF}.Release|Any CPU.ActiveCfg = Release|Any CPU
		{C07AED5D-1A21-47F2-AB88-C2DB72C7DEFF}.Release|Any CPU.Build.0 = Release|Any CPU
		{C07AED5D-1A21-47F2-AB88-C2DB72C7DEFF}.Release|Any CPU.Deploy.0 = Release|Any CPU
		{C07AED5D-1A21-47F2-AB88-C2DB72C7DEFF}.Release|ARM.ActiveCfg = Release|ARM
		{C07AED5D-1A21-47F2-AB88-C2DB72C7DEFF}.Release|ARM.Build.0 = Release|ARM
		{C07AED5D-1A21-47F2-AB88-C2DB72C7DEFF}.Release|ARM.Deploy.0 = Release|ARM
		{C07AED5D-1A21-47F2-AB88-C2DB72C7DEFF}.Release|Mixed Platforms.ActiveCfg = Debug|Any CPU
		{C07AED5D-1A21-47F2-AB88-C2DB72C7DEFF}.Release|Mixed Platforms.Build.0 = Debug|Any CPU
		{C07AED5D-1A21-47F2-AB88-C2DB72C7DEFF}.Release|Mixed Platforms.Deploy.0 = Debug|Any CPU
		{C07AED5D-1A21-47F2-AB88-C2DB72C7DEFF}.Release|x64.ActiveCfg = Release|x64
		{C07AED5D-1A21-47F2-AB88-C2DB72C7DEFF}.Release|x64.Build.0 = Release|x64
		{C07AED5D-1A21-47F2-AB88-C2DB72C7DEFF}.Release|x64.Deploy.0 = Release|x64
		{C07AED5D-1A21-47F2-AB88-C2DB72C7DEFF}.Release|x86.ActiveCfg = Release|x86
		{C07AED5D-1A21-47F2-AB88-C2DB72C7DEFF}.Release|x86.Build.0 = Release|x86
		{C07AED5D-1A21-47F2-AB88-C2DB72C7DEFF}.Release|x86.Deploy.0 = Release|x86
		{1057A921-4BC8-4CA0-B970-E657A34AA6C3}.Debug|Any CPU.ActiveCfg = Debug|Any CPU
		{1057A921-4BC8-4CA0-B970-E657A34AA6C3}.Debug|Any CPU.Build.0 = Debug|Any CPU
		{1057A921-4BC8-4CA0-B970-E657A34AA6C3}.Debug|ARM.ActiveCfg = Debug|ARM
		{1057A921-4BC8-4CA0-B970-E657A34AA6C3}.Debug|ARM.Build.0 = Debug|ARM
		{1057A921-4BC8-4CA0-B970-E657A34AA6C3}.Debug|Mixed Platforms.ActiveCfg = Debug|Any CPU
		{1057A921-4BC8-4CA0-B970-E657A34AA6C3}.Debug|Mixed Platforms.Build.0 = Debug|Any CPU
		{1057A921-4BC8-4CA0-B970-E657A34AA6C3}.Debug|x64.ActiveCfg = Debug|Any CPU
		{1057A921-4BC8-4CA0-B970-E657A34AA6C3}.Debug|x86.ActiveCfg = Debug|x86
		{1057A921-4BC8-4CA0-B970-E657A34AA6C3}.Debug|x86.Build.0 = Debug|x86
		{1057A921-4BC8-4CA0-B970-E657A34AA6C3}.Release|Any CPU.ActiveCfg = Release|Any CPU
		{1057A921-4BC8-4CA0-B970-E657A34AA6C3}.Release|Any CPU.Build.0 = Release|Any CPU
		{1057A921-4BC8-4CA0-B970-E657A34AA6C3}.Release|ARM.ActiveCfg = Release|ARM
		{1057A921-4BC8-4CA0-B970-E657A34AA6C3}.Release|ARM.Build.0 = Release|ARM
		{1057A921-4BC8-4CA0-B970-E657A34AA6C3}.Release|Mixed Platforms.ActiveCfg = Release|Any CPU
		{1057A921-4BC8-4CA0-B970-E657A34AA6C3}.Release|Mixed Platforms.Build.0 = Release|Any CPU
		{1057A921-4BC8-4CA0-B970-E657A34AA6C3}.Release|x64.ActiveCfg = Release|Any CPU
		{1057A921-4BC8-4CA0-B970-E657A34AA6C3}.Release|x86.ActiveCfg = Release|x86
		{1057A921-4BC8-4CA0-B970-E657A34AA6C3}.Release|x86.Build.0 = Release|x86
		{F4317F7B-B6A2-44A2-A0D2-E6336501E58C}.Debug|Any CPU.ActiveCfg = Debug|x86
		{F4317F7B-B6A2-44A2-A0D2-E6336501E58C}.Debug|Any CPU.Build.0 = Debug|x86
		{F4317F7B-B6A2-44A2-A0D2-E6336501E58C}.Debug|ARM.ActiveCfg = Debug|ARM
		{F4317F7B-B6A2-44A2-A0D2-E6336501E58C}.Debug|ARM.Build.0 = Debug|ARM
		{F4317F7B-B6A2-44A2-A0D2-E6336501E58C}.Debug|ARM.Deploy.0 = Debug|ARM
		{F4317F7B-B6A2-44A2-A0D2-E6336501E58C}.Debug|Mixed Platforms.ActiveCfg = Debug|x86
		{F4317F7B-B6A2-44A2-A0D2-E6336501E58C}.Debug|Mixed Platforms.Build.0 = Debug|x86
		{F4317F7B-B6A2-44A2-A0D2-E6336501E58C}.Debug|Mixed Platforms.Deploy.0 = Debug|x86
		{F4317F7B-B6A2-44A2-A0D2-E6336501E58C}.Debug|x64.ActiveCfg = Debug|x86
		{F4317F7B-B6A2-44A2-A0D2-E6336501E58C}.Debug|x86.ActiveCfg = Debug|x86
		{F4317F7B-B6A2-44A2-A0D2-E6336501E58C}.Debug|x86.Build.0 = Debug|x86
		{F4317F7B-B6A2-44A2-A0D2-E6336501E58C}.Debug|x86.Deploy.0 = Debug|x86
		{F4317F7B-B6A2-44A2-A0D2-E6336501E58C}.Release|Any CPU.ActiveCfg = Release|Any CPU
		{F4317F7B-B6A2-44A2-A0D2-E6336501E58C}.Release|Any CPU.Build.0 = Release|Any CPU
		{F4317F7B-B6A2-44A2-A0D2-E6336501E58C}.Release|Any CPU.Deploy.0 = Release|Any CPU
		{F4317F7B-B6A2-44A2-A0D2-E6336501E58C}.Release|ARM.ActiveCfg = Release|ARM
		{F4317F7B-B6A2-44A2-A0D2-E6336501E58C}.Release|ARM.Build.0 = Release|ARM
		{F4317F7B-B6A2-44A2-A0D2-E6336501E58C}.Release|ARM.Deploy.0 = Release|ARM
		{F4317F7B-B6A2-44A2-A0D2-E6336501E58C}.Release|Mixed Platforms.ActiveCfg = Debug|x86
		{F4317F7B-B6A2-44A2-A0D2-E6336501E58C}.Release|Mixed Platforms.Build.0 = Debug|x86
		{F4317F7B-B6A2-44A2-A0D2-E6336501E58C}.Release|Mixed Platforms.Deploy.0 = Debug|x86
		{F4317F7B-B6A2-44A2-A0D2-E6336501E58C}.Release|x64.ActiveCfg = Release|x86
		{F4317F7B-B6A2-44A2-A0D2-E6336501E58C}.Release|x86.ActiveCfg = Release|x86
		{F4317F7B-B6A2-44A2-A0D2-E6336501E58C}.Release|x86.Build.0 = Release|x86
		{F4317F7B-B6A2-44A2-A0D2-E6336501E58C}.Release|x86.Deploy.0 = Release|x86
		{147466FE-FAF6-455A-8CA0-6819D0E7D82D}.Debug|Any CPU.ActiveCfg = Debug|Any CPU
		{147466FE-FAF6-455A-8CA0-6819D0E7D82D}.Debug|Any CPU.Build.0 = Debug|Any CPU
		{147466FE-FAF6-455A-8CA0-6819D0E7D82D}.Debug|ARM.ActiveCfg = Debug|ARM
		{147466FE-FAF6-455A-8CA0-6819D0E7D82D}.Debug|ARM.Build.0 = Debug|ARM
		{147466FE-FAF6-455A-8CA0-6819D0E7D82D}.Debug|Mixed Platforms.ActiveCfg = Debug|Any CPU
		{147466FE-FAF6-455A-8CA0-6819D0E7D82D}.Debug|Mixed Platforms.Build.0 = Debug|Any CPU
		{147466FE-FAF6-455A-8CA0-6819D0E7D82D}.Debug|x64.ActiveCfg = Debug|Any CPU
		{147466FE-FAF6-455A-8CA0-6819D0E7D82D}.Debug|x86.ActiveCfg = Debug|x86
		{147466FE-FAF6-455A-8CA0-6819D0E7D82D}.Debug|x86.Build.0 = Debug|x86
		{147466FE-FAF6-455A-8CA0-6819D0E7D82D}.Release|Any CPU.ActiveCfg = Release|Any CPU
		{147466FE-FAF6-455A-8CA0-6819D0E7D82D}.Release|Any CPU.Build.0 = Release|Any CPU
		{147466FE-FAF6-455A-8CA0-6819D0E7D82D}.Release|ARM.ActiveCfg = Release|ARM
		{147466FE-FAF6-455A-8CA0-6819D0E7D82D}.Release|ARM.Build.0 = Release|ARM
		{147466FE-FAF6-455A-8CA0-6819D0E7D82D}.Release|Mixed Platforms.ActiveCfg = Release|Any CPU
		{147466FE-FAF6-455A-8CA0-6819D0E7D82D}.Release|Mixed Platforms.Build.0 = Release|Any CPU
		{147466FE-FAF6-455A-8CA0-6819D0E7D82D}.Release|x64.ActiveCfg = Release|Any CPU
		{147466FE-FAF6-455A-8CA0-6819D0E7D82D}.Release|x86.ActiveCfg = Release|x86
		{147466FE-FAF6-455A-8CA0-6819D0E7D82D}.Release|x86.Build.0 = Release|x86
		{7B5538AC-2EF0-47D7-A618-E52820524766}.Debug|Any CPU.ActiveCfg = Debug|Any CPU
		{7B5538AC-2EF0-47D7-A618-E52820524766}.Debug|Any CPU.Build.0 = Debug|Any CPU
		{7B5538AC-2EF0-47D7-A618-E52820524766}.Debug|Any CPU.Deploy.0 = Debug|Any CPU
		{7B5538AC-2EF0-47D7-A618-E52820524766}.Debug|ARM.ActiveCfg = Debug|ARM
		{7B5538AC-2EF0-47D7-A618-E52820524766}.Debug|ARM.Build.0 = Debug|ARM
		{7B5538AC-2EF0-47D7-A618-E52820524766}.Debug|ARM.Deploy.0 = Debug|ARM
		{7B5538AC-2EF0-47D7-A618-E52820524766}.Debug|Mixed Platforms.ActiveCfg = Debug|Any CPU
		{7B5538AC-2EF0-47D7-A618-E52820524766}.Debug|Mixed Platforms.Build.0 = Debug|Any CPU
		{7B5538AC-2EF0-47D7-A618-E52820524766}.Debug|Mixed Platforms.Deploy.0 = Debug|Any CPU
		{7B5538AC-2EF0-47D7-A618-E52820524766}.Debug|x64.ActiveCfg = Debug|Any CPU
		{7B5538AC-2EF0-47D7-A618-E52820524766}.Debug|x86.ActiveCfg = Debug|x86
		{7B5538AC-2EF0-47D7-A618-E52820524766}.Debug|x86.Build.0 = Debug|x86
		{7B5538AC-2EF0-47D7-A618-E52820524766}.Debug|x86.Deploy.0 = Debug|x86
		{7B5538AC-2EF0-47D7-A618-E52820524766}.Release|Any CPU.ActiveCfg = Release|Any CPU
		{7B5538AC-2EF0-47D7-A618-E52820524766}.Release|Any CPU.Build.0 = Release|Any CPU
		{7B5538AC-2EF0-47D7-A618-E52820524766}.Release|Any CPU.Deploy.0 = Release|Any CPU
		{7B5538AC-2EF0-47D7-A618-E52820524766}.Release|ARM.ActiveCfg = Release|ARM
		{7B5538AC-2EF0-47D7-A618-E52820524766}.Release|ARM.Build.0 = Release|ARM
		{7B5538AC-2EF0-47D7-A618-E52820524766}.Release|ARM.Deploy.0 = Release|ARM
		{7B5538AC-2EF0-47D7-A618-E52820524766}.Release|Mixed Platforms.ActiveCfg = Debug|Any CPU
		{7B5538AC-2EF0-47D7-A618-E52820524766}.Release|Mixed Platforms.Build.0 = Debug|Any CPU
		{7B5538AC-2EF0-47D7-A618-E52820524766}.Release|Mixed Platforms.Deploy.0 = Debug|Any CPU
		{7B5538AC-2EF0-47D7-A618-E52820524766}.Release|x64.ActiveCfg = Release|Any CPU
		{7B5538AC-2EF0-47D7-A618-E52820524766}.Release|x86.ActiveCfg = Release|x86
		{7B5538AC-2EF0-47D7-A618-E52820524766}.Release|x86.Build.0 = Release|x86
		{7B5538AC-2EF0-47D7-A618-E52820524766}.Release|x86.Deploy.0 = Release|x86
		{4AA3181E-FBD4-4D11-AC6C-ABCD52C6516A}.Debug|Any CPU.ActiveCfg = Debug|Any CPU
		{4AA3181E-FBD4-4D11-AC6C-ABCD52C6516A}.Debug|Any CPU.Build.0 = Debug|Any CPU
		{4AA3181E-FBD4-4D11-AC6C-ABCD52C6516A}.Debug|ARM.ActiveCfg = Debug|Any CPU
		{4AA3181E-FBD4-4D11-AC6C-ABCD52C6516A}.Debug|Mixed Platforms.ActiveCfg = Debug|Any CPU
		{4AA3181E-FBD4-4D11-AC6C-ABCD52C6516A}.Debug|Mixed Platforms.Build.0 = Debug|Any CPU
		{4AA3181E-FBD4-4D11-AC6C-ABCD52C6516A}.Debug|x64.ActiveCfg = Debug|Any CPU
		{4AA3181E-FBD4-4D11-AC6C-ABCD52C6516A}.Debug|x86.ActiveCfg = Debug|Any CPU
		{4AA3181E-FBD4-4D11-AC6C-ABCD52C6516A}.Release|Any CPU.ActiveCfg = Release|Any CPU
		{4AA3181E-FBD4-4D11-AC6C-ABCD52C6516A}.Release|Any CPU.Build.0 = Release|Any CPU
		{4AA3181E-FBD4-4D11-AC6C-ABCD52C6516A}.Release|ARM.ActiveCfg = Release|Any CPU
		{4AA3181E-FBD4-4D11-AC6C-ABCD52C6516A}.Release|Mixed Platforms.ActiveCfg = Release|Any CPU
		{4AA3181E-FBD4-4D11-AC6C-ABCD52C6516A}.Release|Mixed Platforms.Build.0 = Release|Any CPU
		{4AA3181E-FBD4-4D11-AC6C-ABCD52C6516A}.Release|x64.ActiveCfg = Release|Any CPU
		{4AA3181E-FBD4-4D11-AC6C-ABCD52C6516A}.Release|x86.ActiveCfg = Release|Any CPU
		{111E167D-4BB9-410A-8C9E-424BFA598C5C}.Debug|Any CPU.ActiveCfg = Debug|Any CPU
		{111E167D-4BB9-410A-8C9E-424BFA598C5C}.Debug|Any CPU.Build.0 = Debug|Any CPU
		{111E167D-4BB9-410A-8C9E-424BFA598C5C}.Debug|Any CPU.Deploy.0 = Debug|Any CPU
		{111E167D-4BB9-410A-8C9E-424BFA598C5C}.Debug|ARM.ActiveCfg = Debug|ARM
		{111E167D-4BB9-410A-8C9E-424BFA598C5C}.Debug|ARM.Build.0 = Debug|ARM
		{111E167D-4BB9-410A-8C9E-424BFA598C5C}.Debug|ARM.Deploy.0 = Debug|ARM
		{111E167D-4BB9-410A-8C9E-424BFA598C5C}.Debug|Mixed Platforms.ActiveCfg = Debug|Any CPU
		{111E167D-4BB9-410A-8C9E-424BFA598C5C}.Debug|Mixed Platforms.Build.0 = Debug|Any CPU
		{111E167D-4BB9-410A-8C9E-424BFA598C5C}.Debug|Mixed Platforms.Deploy.0 = Debug|Any CPU
		{111E167D-4BB9-410A-8C9E-424BFA598C5C}.Debug|x64.ActiveCfg = Debug|Any CPU
		{111E167D-4BB9-410A-8C9E-424BFA598C5C}.Debug|x86.ActiveCfg = Debug|x86
		{111E167D-4BB9-410A-8C9E-424BFA598C5C}.Debug|x86.Build.0 = Debug|x86
		{111E167D-4BB9-410A-8C9E-424BFA598C5C}.Debug|x86.Deploy.0 = Debug|x86
		{111E167D-4BB9-410A-8C9E-424BFA598C5C}.Release|Any CPU.ActiveCfg = Debug|Any CPU
		{111E167D-4BB9-410A-8C9E-424BFA598C5C}.Release|Any CPU.Build.0 = Debug|Any CPU
		{111E167D-4BB9-410A-8C9E-424BFA598C5C}.Release|Any CPU.Deploy.0 = Debug|Any CPU
		{111E167D-4BB9-410A-8C9E-424BFA598C5C}.Release|ARM.ActiveCfg = Release|ARM
		{111E167D-4BB9-410A-8C9E-424BFA598C5C}.Release|ARM.Build.0 = Release|ARM
		{111E167D-4BB9-410A-8C9E-424BFA598C5C}.Release|ARM.Deploy.0 = Release|ARM
		{111E167D-4BB9-410A-8C9E-424BFA598C5C}.Release|Mixed Platforms.ActiveCfg = Debug|Any CPU
		{111E167D-4BB9-410A-8C9E-424BFA598C5C}.Release|Mixed Platforms.Build.0 = Debug|Any CPU
		{111E167D-4BB9-410A-8C9E-424BFA598C5C}.Release|Mixed Platforms.Deploy.0 = Debug|Any CPU
		{111E167D-4BB9-410A-8C9E-424BFA598C5C}.Release|x64.ActiveCfg = Release|Any CPU
		{111E167D-4BB9-410A-8C9E-424BFA598C5C}.Release|x86.ActiveCfg = Release|x86
		{111E167D-4BB9-410A-8C9E-424BFA598C5C}.Release|x86.Build.0 = Release|x86
		{111E167D-4BB9-410A-8C9E-424BFA598C5C}.Release|x86.Deploy.0 = Release|x86
		{FE1441FA-1FAB-4AE5-AAAE-A6ECE9990406}.Debug|Any CPU.ActiveCfg = Debug|Any CPU
		{FE1441FA-1FAB-4AE5-AAAE-A6ECE9990406}.Debug|Any CPU.Build.0 = Debug|Any CPU
		{FE1441FA-1FAB-4AE5-AAAE-A6ECE9990406}.Debug|Any CPU.Deploy.0 = Debug|Any CPU
		{FE1441FA-1FAB-4AE5-AAAE-A6ECE9990406}.Debug|ARM.ActiveCfg = Debug|ARM
		{FE1441FA-1FAB-4AE5-AAAE-A6ECE9990406}.Debug|ARM.Build.0 = Debug|ARM
		{FE1441FA-1FAB-4AE5-AAAE-A6ECE9990406}.Debug|ARM.Deploy.0 = Debug|ARM
		{FE1441FA-1FAB-4AE5-AAAE-A6ECE9990406}.Debug|Mixed Platforms.ActiveCfg = Debug|Any CPU
		{FE1441FA-1FAB-4AE5-AAAE-A6ECE9990406}.Debug|Mixed Platforms.Build.0 = Debug|Any CPU
		{FE1441FA-1FAB-4AE5-AAAE-A6ECE9990406}.Debug|Mixed Platforms.Deploy.0 = Debug|Any CPU
		{FE1441FA-1FAB-4AE5-AAAE-A6ECE9990406}.Debug|x64.ActiveCfg = Debug|Any CPU
		{FE1441FA-1FAB-4AE5-AAAE-A6ECE9990406}.Debug|x86.ActiveCfg = Debug|x86
		{FE1441FA-1FAB-4AE5-AAAE-A6ECE9990406}.Debug|x86.Build.0 = Debug|x86
		{FE1441FA-1FAB-4AE5-AAAE-A6ECE9990406}.Debug|x86.Deploy.0 = Debug|x86
		{FE1441FA-1FAB-4AE5-AAAE-A6ECE9990406}.Release|Any CPU.ActiveCfg = Release|Any CPU
		{FE1441FA-1FAB-4AE5-AAAE-A6ECE9990406}.Release|Any CPU.Build.0 = Release|Any CPU
		{FE1441FA-1FAB-4AE5-AAAE-A6ECE9990406}.Release|Any CPU.Deploy.0 = Release|Any CPU
		{FE1441FA-1FAB-4AE5-AAAE-A6ECE9990406}.Release|ARM.ActiveCfg = Release|ARM
		{FE1441FA-1FAB-4AE5-AAAE-A6ECE9990406}.Release|ARM.Build.0 = Release|ARM
		{FE1441FA-1FAB-4AE5-AAAE-A6ECE9990406}.Release|ARM.Deploy.0 = Release|ARM
		{FE1441FA-1FAB-4AE5-AAAE-A6ECE9990406}.Release|Mixed Platforms.ActiveCfg = Debug|Any CPU
		{FE1441FA-1FAB-4AE5-AAAE-A6ECE9990406}.Release|Mixed Platforms.Build.0 = Debug|Any CPU
		{FE1441FA-1FAB-4AE5-AAAE-A6ECE9990406}.Release|Mixed Platforms.Deploy.0 = Debug|Any CPU
		{FE1441FA-1FAB-4AE5-AAAE-A6ECE9990406}.Release|x64.ActiveCfg = Release|Any CPU
		{FE1441FA-1FAB-4AE5-AAAE-A6ECE9990406}.Release|x86.ActiveCfg = Release|x86
		{FE1441FA-1FAB-4AE5-AAAE-A6ECE9990406}.Release|x86.Build.0 = Release|x86
		{FE1441FA-1FAB-4AE5-AAAE-A6ECE9990406}.Release|x86.Deploy.0 = Release|x86
		{EB84D0D2-583E-405E-9272-0F5FE2DCA507}.Debug|Any CPU.ActiveCfg = Debug|Any CPU
		{EB84D0D2-583E-405E-9272-0F5FE2DCA507}.Debug|Any CPU.Build.0 = Debug|Any CPU
		{EB84D0D2-583E-405E-9272-0F5FE2DCA507}.Debug|Any CPU.Deploy.0 = Debug|Any CPU
		{EB84D0D2-583E-405E-9272-0F5FE2DCA507}.Debug|ARM.ActiveCfg = Debug|ARM
		{EB84D0D2-583E-405E-9272-0F5FE2DCA507}.Debug|ARM.Build.0 = Debug|ARM
		{EB84D0D2-583E-405E-9272-0F5FE2DCA507}.Debug|ARM.Deploy.0 = Debug|ARM
		{EB84D0D2-583E-405E-9272-0F5FE2DCA507}.Debug|Mixed Platforms.ActiveCfg = Debug|Any CPU
		{EB84D0D2-583E-405E-9272-0F5FE2DCA507}.Debug|Mixed Platforms.Build.0 = Debug|Any CPU
		{EB84D0D2-583E-405E-9272-0F5FE2DCA507}.Debug|Mixed Platforms.Deploy.0 = Debug|Any CPU
		{EB84D0D2-583E-405E-9272-0F5FE2DCA507}.Debug|x64.ActiveCfg = Debug|x64
		{EB84D0D2-583E-405E-9272-0F5FE2DCA507}.Debug|x64.Build.0 = Debug|x64
		{EB84D0D2-583E-405E-9272-0F5FE2DCA507}.Debug|x64.Deploy.0 = Debug|x64
		{EB84D0D2-583E-405E-9272-0F5FE2DCA507}.Debug|x86.ActiveCfg = Debug|x86
		{EB84D0D2-583E-405E-9272-0F5FE2DCA507}.Debug|x86.Build.0 = Debug|x86
		{EB84D0D2-583E-405E-9272-0F5FE2DCA507}.Debug|x86.Deploy.0 = Debug|x86
		{EB84D0D2-583E-405E-9272-0F5FE2DCA507}.Release|Any CPU.ActiveCfg = Release|Any CPU
		{EB84D0D2-583E-405E-9272-0F5FE2DCA507}.Release|Any CPU.Build.0 = Release|Any CPU
		{EB84D0D2-583E-405E-9272-0F5FE2DCA507}.Release|Any CPU.Deploy.0 = Release|Any CPU
		{EB84D0D2-583E-405E-9272-0F5FE2DCA507}.Release|ARM.ActiveCfg = Release|ARM
		{EB84D0D2-583E-405E-9272-0F5FE2DCA507}.Release|ARM.Build.0 = Release|ARM
		{EB84D0D2-583E-405E-9272-0F5FE2DCA507}.Release|ARM.Deploy.0 = Release|ARM
		{EB84D0D2-583E-405E-9272-0F5FE2DCA507}.Release|Mixed Platforms.ActiveCfg = Debug|Any CPU
		{EB84D0D2-583E-405E-9272-0F5FE2DCA507}.Release|Mixed Platforms.Build.0 = Debug|Any CPU
		{EB84D0D2-583E-405E-9272-0F5FE2DCA507}.Release|Mixed Platforms.Deploy.0 = Debug|Any CPU
		{EB84D0D2-583E-405E-9272-0F5FE2DCA507}.Release|x64.ActiveCfg = Release|x64
		{EB84D0D2-583E-405E-9272-0F5FE2DCA507}.Release|x64.Build.0 = Release|x64
		{EB84D0D2-583E-405E-9272-0F5FE2DCA507}.Release|x64.Deploy.0 = Release|x64
		{EB84D0D2-583E-405E-9272-0F5FE2DCA507}.Release|x86.ActiveCfg = Release|x86
		{EB84D0D2-583E-405E-9272-0F5FE2DCA507}.Release|x86.Build.0 = Release|x86
		{EB84D0D2-583E-405E-9272-0F5FE2DCA507}.Release|x86.Deploy.0 = Release|x86
		{0013B5DC-2C9F-4CDE-8FB2-56CDAC76028E}.Debug|Any CPU.ActiveCfg = Debug|Any CPU
		{0013B5DC-2C9F-4CDE-8FB2-56CDAC76028E}.Debug|Any CPU.Build.0 = Debug|Any CPU
		{0013B5DC-2C9F-4CDE-8FB2-56CDAC76028E}.Debug|ARM.ActiveCfg = Debug|ARM
		{0013B5DC-2C9F-4CDE-8FB2-56CDAC76028E}.Debug|ARM.Build.0 = Debug|ARM
		{0013B5DC-2C9F-4CDE-8FB2-56CDAC76028E}.Debug|Mixed Platforms.ActiveCfg = Debug|x86
		{0013B5DC-2C9F-4CDE-8FB2-56CDAC76028E}.Debug|Mixed Platforms.Build.0 = Debug|x86
		{0013B5DC-2C9F-4CDE-8FB2-56CDAC76028E}.Debug|x64.ActiveCfg = Debug|x64
		{0013B5DC-2C9F-4CDE-8FB2-56CDAC76028E}.Debug|x64.Build.0 = Debug|x64
		{0013B5DC-2C9F-4CDE-8FB2-56CDAC76028E}.Debug|x86.ActiveCfg = Debug|x86
		{0013B5DC-2C9F-4CDE-8FB2-56CDAC76028E}.Debug|x86.Build.0 = Debug|x86
		{0013B5DC-2C9F-4CDE-8FB2-56CDAC76028E}.Release|Any CPU.ActiveCfg = Release|Any CPU
		{0013B5DC-2C9F-4CDE-8FB2-56CDAC76028E}.Release|Any CPU.Build.0 = Release|Any CPU
		{0013B5DC-2C9F-4CDE-8FB2-56CDAC76028E}.Release|ARM.ActiveCfg = Release|ARM
		{0013B5DC-2C9F-4CDE-8FB2-56CDAC76028E}.Release|ARM.Build.0 = Release|ARM
		{0013B5DC-2C9F-4CDE-8FB2-56CDAC76028E}.Release|Mixed Platforms.ActiveCfg = Release|x86
		{0013B5DC-2C9F-4CDE-8FB2-56CDAC76028E}.Release|Mixed Platforms.Build.0 = Release|x86
		{0013B5DC-2C9F-4CDE-8FB2-56CDAC76028E}.Release|x64.ActiveCfg = Release|x64
		{0013B5DC-2C9F-4CDE-8FB2-56CDAC76028E}.Release|x64.Build.0 = Release|x64
		{0013B5DC-2C9F-4CDE-8FB2-56CDAC76028E}.Release|x86.ActiveCfg = Release|x86
		{0013B5DC-2C9F-4CDE-8FB2-56CDAC76028E}.Release|x86.Build.0 = Release|x86
	EndGlobalSection
	GlobalSection(SolutionProperties) = preSolution
		HideSolutionNode = FALSE
	EndGlobalSection
EndGlobal
