
Microsoft Visual Studio Solution File, Format Version 12.00
# Visual Studio 2013
VisualStudioVersion = 12.0.21005.1
MinimumVisualStudioVersion = 10.0.40219.1
Project("{FAE04EC0-301F-11D3-BF4B-00C04F79EFBC}") = "WindowsPcl", "..\WindowsPCL\WindowsPcl.csproj", "{1037B76A-1170-414D-AFAE-4C4621E78007}"
EndProject
Project("{FAE04EC0-301F-11D3-BF4B-00C04F79EFBC}") = "WindowsPclNet40", "..\WindowsPCLnet40\WindowsPclNet40.csproj", "{C739ABC8-258E-4111-ACD8-6CE58D00633D}"
EndProject
Project("{FAE04EC0-301F-11D3-BF4B-00C04F79EFBC}") = "AdjustWS", "..\WindowsStore\AdjustWS.csproj", "{882C2A80-B6A5-42A2-8E28-0749B2090D04}"
EndProject
Project("{FAE04EC0-301F-11D3-BF4B-00C04F79EFBC}") = "AdjustWP", "..\WindowsPhone\AdjustWP.csproj", "{147466FE-FAF6-455A-8CA0-6819D0E7D82D}"
EndProject
Project("{FAE04EC0-301F-11D3-BF4B-00C04F79EFBC}") = "AdjustWPTests", "AdjustWPTests\AdjustWPTests.csproj", "{8EE7972D-EE16-49E6-BF4E-0A3212A95C55}"
EndProject
Project("{FAE04EC0-301F-11D3-BF4B-00C04F79EFBC}") = "AdjustWSTests", "AdjustWSTests\AdjustWSTests.csproj", "{C07AED5D-1A21-47F2-AB88-C2DB72C7DEFF}"
EndProject
Project("{FAE04EC0-301F-11D3-BF4B-00C04F79EFBC}") = "AdjustPclTests", "AdjustPclTests\AdjustPclTests.csproj", "{864FEA7D-7695-43D1-87FA-EB7AC8D5B7C0}"
EndProject
Global
	GlobalSection(SolutionConfigurationPlatforms) = preSolution
		Debug|Any CPU = Debug|Any CPU
		Debug|ARM = Debug|ARM
		Debug|Mixed Platforms = Debug|Mixed Platforms
		Debug|x64 = Debug|x64
		Debug|x86 = Debug|x86
		Release|Any CPU = Release|Any CPU
		Release|ARM = Release|ARM
		Release|Mixed Platforms = Release|Mixed Platforms
		Release|x64 = Release|x64
		Release|x86 = Release|x86
	EndGlobalSection
	GlobalSection(ProjectConfigurationPlatforms) = postSolution
		{1037B76A-1170-414D-AFAE-4C4621E78007}.Debug|Any CPU.ActiveCfg = Debug|Any CPU
		{1037B76A-1170-414D-AFAE-4C4621E78007}.Debug|Any CPU.Build.0 = Debug|Any CPU
		{1037B76A-1170-414D-AFAE-4C4621E78007}.Debug|ARM.ActiveCfg = Debug|Any CPU
		{1037B76A-1170-414D-AFAE-4C4621E78007}.Debug|Mixed Platforms.ActiveCfg = Debug|Any CPU
		{1037B76A-1170-414D-AFAE-4C4621E78007}.Debug|Mixed Platforms.Build.0 = Debug|Any CPU
		{1037B76A-1170-414D-AFAE-4C4621E78007}.Debug|x64.ActiveCfg = Debug|Any CPU
		{1037B76A-1170-414D-AFAE-4C4621E78007}.Debug|x86.ActiveCfg = Debug|Any CPU
		{1037B76A-1170-414D-AFAE-4C4621E78007}.Release|Any CPU.ActiveCfg = Release|Any CPU
		{1037B76A-1170-414D-AFAE-4C4621E78007}.Release|Any CPU.Build.0 = Release|Any CPU
		{1037B76A-1170-414D-AFAE-4C4621E78007}.Release|ARM.ActiveCfg = Release|Any CPU
		{1037B76A-1170-414D-AFAE-4C4621E78007}.Release|Mixed Platforms.ActiveCfg = Release|Any CPU
		{1037B76A-1170-414D-AFAE-4C4621E78007}.Release|Mixed Platforms.Build.0 = Release|Any CPU
		{1037B76A-1170-414D-AFAE-4C4621E78007}.Release|x64.ActiveCfg = Release|Any CPU
		{1037B76A-1170-414D-AFAE-4C4621E78007}.Release|x86.ActiveCfg = Release|Any CPU
		{C739ABC8-258E-4111-ACD8-6CE58D00633D}.Debug|Any CPU.ActiveCfg = Debug|Any CPU
		{C739ABC8-258E-4111-ACD8-6CE58D00633D}.Debug|Any CPU.Build.0 = Debug|Any CPU
		{C739ABC8-258E-4111-ACD8-6CE58D00633D}.Debug|ARM.ActiveCfg = Debug|Any CPU
		{C739ABC8-258E-4111-ACD8-6CE58D00633D}.Debug|Mixed Platforms.ActiveCfg = Debug|Any CPU
		{C739ABC8-258E-4111-ACD8-6CE58D00633D}.Debug|Mixed Platforms.Build.0 = Debug|Any CPU
		{C739ABC8-258E-4111-ACD8-6CE58D00633D}.Debug|x64.ActiveCfg = Debug|Any CPU
		{C739ABC8-258E-4111-ACD8-6CE58D00633D}.Debug|x86.ActiveCfg = Debug|Any CPU
		{C739ABC8-258E-4111-ACD8-6CE58D00633D}.Release|Any CPU.ActiveCfg = Release|Any CPU
		{C739ABC8-258E-4111-ACD8-6CE58D00633D}.Release|Any CPU.Build.0 = Release|Any CPU
		{C739ABC8-258E-4111-ACD8-6CE58D00633D}.Release|ARM.ActiveCfg = Release|Any CPU
		{C739ABC8-258E-4111-ACD8-6CE58D00633D}.Release|Mixed Platforms.ActiveCfg = Release|Any CPU
		{C739ABC8-258E-4111-ACD8-6CE58D00633D}.Release|Mixed Platforms.Build.0 = Release|Any CPU
		{C739ABC8-258E-4111-ACD8-6CE58D00633D}.Release|x64.ActiveCfg = Release|Any CPU
		{C739ABC8-258E-4111-ACD8-6CE58D00633D}.Release|x86.ActiveCfg = Release|Any CPU
		{882C2A80-B6A5-42A2-8E28-0749B2090D04}.Debug|Any CPU.ActiveCfg = Debug|Any CPU
		{882C2A80-B6A5-42A2-8E28-0749B2090D04}.Debug|Any CPU.Build.0 = Debug|Any CPU
		{882C2A80-B6A5-42A2-8E28-0749B2090D04}.Debug|ARM.ActiveCfg = Debug|ARM
		{882C2A80-B6A5-42A2-8E28-0749B2090D04}.Debug|ARM.Build.0 = Debug|ARM
		{882C2A80-B6A5-42A2-8E28-0749B2090D04}.Debug|Mixed Platforms.ActiveCfg = Debug|x86
		{882C2A80-B6A5-42A2-8E28-0749B2090D04}.Debug|Mixed Platforms.Build.0 = Debug|x86
		{882C2A80-B6A5-42A2-8E28-0749B2090D04}.Debug|x64.ActiveCfg = Debug|x64
		{882C2A80-B6A5-42A2-8E28-0749B2090D04}.Debug|x64.Build.0 = Debug|x64
		{882C2A80-B6A5-42A2-8E28-0749B2090D04}.Debug|x86.ActiveCfg = Debug|x86
		{882C2A80-B6A5-42A2-8E28-0749B2090D04}.Debug|x86.Build.0 = Debug|x86
		{882C2A80-B6A5-42A2-8E28-0749B2090D04}.Release|Any CPU.ActiveCfg = Release|Any CPU
		{882C2A80-B6A5-42A2-8E28-0749B2090D04}.Release|Any CPU.Build.0 = Release|Any CPU
		{882C2A80-B6A5-42A2-8E28-0749B2090D04}.Release|ARM.ActiveCfg = Release|ARM
		{882C2A80-B6A5-42A2-8E28-0749B2090D04}.Release|ARM.Build.0 = Release|ARM
		{882C2A80-B6A5-42A2-8E28-0749B2090D04}.Release|Mixed Platforms.ActiveCfg = Release|x86
		{882C2A80-B6A5-42A2-8E28-0749B2090D04}.Release|Mixed Platforms.Build.0 = Release|x86
		{882C2A80-B6A5-42A2-8E28-0749B2090D04}.Release|x64.ActiveCfg = Release|x64
		{882C2A80-B6A5-42A2-8E28-0749B2090D04}.Release|x64.Build.0 = Release|x64
		{882C2A80-B6A5-42A2-8E28-0749B2090D04}.Release|x86.ActiveCfg = Release|x86
		{882C2A80-B6A5-42A2-8E28-0749B2090D04}.Release|x86.Build.0 = Release|x86
		{147466FE-FAF6-455A-8CA0-6819D0E7D82D}.Debug|Any CPU.ActiveCfg = Debug|Any CPU
		{147466FE-FAF6-455A-8CA0-6819D0E7D82D}.Debug|Any CPU.Build.0 = Debug|Any CPU
		{147466FE-FAF6-455A-8CA0-6819D0E7D82D}.Debug|ARM.ActiveCfg = Debug|ARM
		{147466FE-FAF6-455A-8CA0-6819D0E7D82D}.Debug|ARM.Build.0 = Debug|ARM
		{147466FE-FAF6-455A-8CA0-6819D0E7D82D}.Debug|Mixed Platforms.ActiveCfg = Debug|x86
		{147466FE-FAF6-455A-8CA0-6819D0E7D82D}.Debug|Mixed Platforms.Build.0 = Debug|x86
		{147466FE-FAF6-455A-8CA0-6819D0E7D82D}.Debug|x64.ActiveCfg = Debug|Any CPU
		{147466FE-FAF6-455A-8CA0-6819D0E7D82D}.Debug|x86.ActiveCfg = Debug|x86
		{147466FE-FAF6-455A-8CA0-6819D0E7D82D}.Debug|x86.Build.0 = Debug|x86
		{147466FE-FAF6-455A-8CA0-6819D0E7D82D}.Release|Any CPU.ActiveCfg = Release|Any CPU
		{147466FE-FAF6-455A-8CA0-6819D0E7D82D}.Release|Any CPU.Build.0 = Release|Any CPU
		{147466FE-FAF6-455A-8CA0-6819D0E7D82D}.Release|ARM.ActiveCfg = Release|ARM
		{147466FE-FAF6-455A-8CA0-6819D0E7D82D}.Release|ARM.Build.0 = Release|ARM
		{147466FE-FAF6-455A-8CA0-6819D0E7D82D}.Release|Mixed Platforms.ActiveCfg = Release|x86
		{147466FE-FAF6-455A-8CA0-6819D0E7D82D}.Release|Mixed Platforms.Build.0 = Release|x86
		{147466FE-FAF6-455A-8CA0-6819D0E7D82D}.Release|x64.ActiveCfg = Release|Any CPU
		{147466FE-FAF6-455A-8CA0-6819D0E7D82D}.Release|x86.ActiveCfg = Release|x86
		{147466FE-FAF6-455A-8CA0-6819D0E7D82D}.Release|x86.Build.0 = Release|x86
		{8EE7972D-EE16-49E6-BF4E-0A3212A95C55}.Debug|Any CPU.ActiveCfg = Debug|x86
		{8EE7972D-EE16-49E6-BF4E-0A3212A95C55}.Debug|ARM.ActiveCfg = Debug|ARM
		{8EE7972D-EE16-49E6-BF4E-0A3212A95C55}.Debug|ARM.Build.0 = Debug|ARM
		{8EE7972D-EE16-49E6-BF4E-0A3212A95C55}.Debug|ARM.Deploy.0 = Debug|ARM
		{8EE7972D-EE16-49E6-BF4E-0A3212A95C55}.Debug|Mixed Platforms.ActiveCfg = Debug|x86
		{8EE7972D-EE16-49E6-BF4E-0A3212A95C55}.Debug|Mixed Platforms.Build.0 = Debug|x86
		{8EE7972D-EE16-49E6-BF4E-0A3212A95C55}.Debug|Mixed Platforms.Deploy.0 = Debug|x86
		{8EE7972D-EE16-49E6-BF4E-0A3212A95C55}.Debug|x64.ActiveCfg = Debug|x86
		{8EE7972D-EE16-49E6-BF4E-0A3212A95C55}.Debug|x86.ActiveCfg = Debug|x86
		{8EE7972D-EE16-49E6-BF4E-0A3212A95C55}.Debug|x86.Build.0 = Debug|x86
		{8EE7972D-EE16-49E6-BF4E-0A3212A95C55}.Debug|x86.Deploy.0 = Debug|x86
		{8EE7972D-EE16-49E6-BF4E-0A3212A95C55}.Release|Any CPU.ActiveCfg = Release|x86
		{8EE7972D-EE16-49E6-BF4E-0A3212A95C55}.Release|ARM.ActiveCfg = Release|ARM
		{8EE7972D-EE16-49E6-BF4E-0A3212A95C55}.Release|ARM.Build.0 = Release|ARM
		{8EE7972D-EE16-49E6-BF4E-0A3212A95C55}.Release|ARM.Deploy.0 = Release|ARM
		{8EE7972D-EE16-49E6-BF4E-0A3212A95C55}.Release|Mixed Platforms.ActiveCfg = Release|x86
		{8EE7972D-EE16-49E6-BF4E-0A3212A95C55}.Release|Mixed Platforms.Build.0 = Release|x86
		{8EE7972D-EE16-49E6-BF4E-0A3212A95C55}.Release|Mixed Platforms.Deploy.0 = Release|x86
		{8EE7972D-EE16-49E6-BF4E-0A3212A95C55}.Release|x64.ActiveCfg = Release|x86
		{8EE7972D-EE16-49E6-BF4E-0A3212A95C55}.Release|x86.ActiveCfg = Release|x86
		{8EE7972D-EE16-49E6-BF4E-0A3212A95C55}.Release|x86.Build.0 = Release|x86
		{8EE7972D-EE16-49E6-BF4E-0A3212A95C55}.Release|x86.Deploy.0 = Release|x86
		{C07AED5D-1A21-47F2-AB88-C2DB72C7DEFF}.Debug|Any CPU.ActiveCfg = Debug|Any CPU
		{C07AED5D-1A21-47F2-AB88-C2DB72C7DEFF}.Debug|Any CPU.Build.0 = Debug|Any CPU
		{C07AED5D-1A21-47F2-AB88-C2DB72C7DEFF}.Debug|Any CPU.Deploy.0 = Debug|Any CPU
		{C07AED5D-1A21-47F2-AB88-C2DB72C7DEFF}.Debug|ARM.ActiveCfg = Debug|ARM
		{C07AED5D-1A21-47F2-AB88-C2DB72C7DEFF}.Debug|ARM.Build.0 = Debug|ARM
		{C07AED5D-1A21-47F2-AB88-C2DB72C7DEFF}.Debug|ARM.Deploy.0 = Debug|ARM
		{C07AED5D-1A21-47F2-AB88-C2DB72C7DEFF}.Debug|Mixed Platforms.ActiveCfg = Debug|x86
		{C07AED5D-1A21-47F2-AB88-C2DB72C7DEFF}.Debug|Mixed Platforms.Build.0 = Debug|x86
		{C07AED5D-1A21-47F2-AB88-C2DB72C7DEFF}.Debug|Mixed Platforms.Deploy.0 = Debug|x86
		{C07AED5D-1A21-47F2-AB88-C2DB72C7DEFF}.Debug|x64.ActiveCfg = Debug|x64
		{C07AED5D-1A21-47F2-AB88-C2DB72C7DEFF}.Debug|x64.Build.0 = Debug|x64
		{C07AED5D-1A21-47F2-AB88-C2DB72C7DEFF}.Debug|x64.Deploy.0 = Debug|x64
		{C07AED5D-1A21-47F2-AB88-C2DB72C7DEFF}.Debug|x86.ActiveCfg = Debug|x86
		{C07AED5D-1A21-47F2-AB88-C2DB72C7DEFF}.Debug|x86.Build.0 = Debug|x86
		{C07AED5D-1A21-47F2-AB88-C2DB72C7DEFF}.Debug|x86.Deploy.0 = Debug|x86
		{C07AED5D-1A21-47F2-AB88-C2DB72C7DEFF}.Release|Any CPU.ActiveCfg = Release|Any CPU
		{C07AED5D-1A21-47F2-AB88-C2DB72C7DEFF}.Release|Any CPU.Build.0 = Release|Any CPU
		{C07AED5D-1A21-47F2-AB88-C2DB72C7DEFF}.Release|Any CPU.Deploy.0 = Release|Any CPU
		{C07AED5D-1A21-47F2-AB88-C2DB72C7DEFF}.Release|ARM.ActiveCfg = Release|ARM
		{C07AED5D-1A21-47F2-AB88-C2DB72C7DEFF}.Release|ARM.Build.0 = Release|ARM
		{C07AED5D-1A21-47F2-AB88-C2DB72C7DEFF}.Release|ARM.Deploy.0 = Release|ARM
		{C07AED5D-1A21-47F2-AB88-C2DB72C7DEFF}.Release|Mixed Platforms.ActiveCfg = Release|x86
		{C07AED5D-1A21-47F2-AB88-C2DB72C7DEFF}.Release|Mixed Platforms.Build.0 = Release|x86
		{C07AED5D-1A21-47F2-AB88-C2DB72C7DEFF}.Release|Mixed Platforms.Deploy.0 = Release|x86
		{C07AED5D-1A21-47F2-AB88-C2DB72C7DEFF}.Release|x64.ActiveCfg = Release|x64
		{C07AED5D-1A21-47F2-AB88-C2DB72C7DEFF}.Release|x64.Build.0 = Release|x64
		{C07AED5D-1A21-47F2-AB88-C2DB72C7DEFF}.Release|x64.Deploy.0 = Release|x64
		{C07AED5D-1A21-47F2-AB88-C2DB72C7DEFF}.Release|x86.ActiveCfg = Release|x86
		{C07AED5D-1A21-47F2-AB88-C2DB72C7DEFF}.Release|x86.Build.0 = Release|x86
		{C07AED5D-1A21-47F2-AB88-C2DB72C7DEFF}.Release|x86.Deploy.0 = Release|x86
		{864FEA7D-7695-43D1-87FA-EB7AC8D5B7C0}.Debug|Any CPU.ActiveCfg = Debug|Any CPU
		{864FEA7D-7695-43D1-87FA-EB7AC8D5B7C0}.Debug|Any CPU.Build.0 = Debug|Any CPU
		{864FEA7D-7695-43D1-87FA-EB7AC8D5B7C0}.Debug|ARM.ActiveCfg = Debug|Any CPU
		{864FEA7D-7695-43D1-87FA-EB7AC8D5B7C0}.Debug|Mixed Platforms.ActiveCfg = Debug|Any CPU
		{864FEA7D-7695-43D1-87FA-EB7AC8D5B7C0}.Debug|Mixed Platforms.Build.0 = Debug|Any CPU
		{864FEA7D-7695-43D1-87FA-EB7AC8D5B7C0}.Debug|x64.ActiveCfg = Debug|Any CPU
		{864FEA7D-7695-43D1-87FA-EB7AC8D5B7C0}.Debug|x86.ActiveCfg = Debug|Any CPU
		{864FEA7D-7695-43D1-87FA-EB7AC8D5B7C0}.Release|Any CPU.ActiveCfg = Release|Any CPU
		{864FEA7D-7695-43D1-87FA-EB7AC8D5B7C0}.Release|Any CPU.Build.0 = Release|Any CPU
		{864FEA7D-7695-43D1-87FA-EB7AC8D5B7C0}.Release|ARM.ActiveCfg = Release|Any CPU
		{864FEA7D-7695-43D1-87FA-EB7AC8D5B7C0}.Release|Mixed Platforms.ActiveCfg = Release|Any CPU
		{864FEA7D-7695-43D1-87FA-EB7AC8D5B7C0}.Release|Mixed Platforms.Build.0 = Release|Any CPU
		{864FEA7D-7695-43D1-87FA-EB7AC8D5B7C0}.Release|x64.ActiveCfg = Release|Any CPU
		{864FEA7D-7695-43D1-87FA-EB7AC8D5B7C0}.Release|x86.ActiveCfg = Release|Any CPU
	EndGlobalSection
	GlobalSection(SolutionProperties) = preSolution
		HideSolutionNode = FALSE
	EndGlobalSection
EndGlobal
