
Microsoft Visual Studio Solution File, Format Version 12.00
# Visual Studio 14
VisualStudioVersion = 14.0.25420.1
MinimumVisualStudioVersion = 10.0.40219.1
Project("{FAE04EC0-301F-11D3-BF4B-00C04F79EFBC}") = "AdjustWS", "..\WindowsStore\AdjustWS.csproj", "{882C2A80-B6A5-42A2-8E28-0749B2090D04}"
EndProject
Project("{2150E333-8FDC-42A3-9474-1A3956D46DE8}") = "Solution Items", "Solution Items", "{DCEB96BB-F224-4226-B19E-C3FF88A3E5E1}"
	ProjectSection(SolutionItems) = preProject
		Adjust.testsettings = Adjust.testsettings
	EndProjectSection
EndProject
Project("{FAE04EC0-301F-11D3-BF4B-00C04F79EFBC}") = "AdjustWP81", "..\WindowsPhone81\AdjustWP81.csproj", "{1057A921-4BC8-4CA0-B970-E657A34AA6C3}"
EndProject
Project("{2150E333-8FDC-42A3-9474-1A3956D46DE8}") = ".nuget", ".nuget", "{BB32951F-E310-4879-9086-E08A3090F26B}"
	ProjectSection(SolutionItems) = preProject
		.nuget\NuGet.Config = .nuget\NuGet.Config
		.nuget\NuGet.exe = .nuget\NuGet.exe
		.nuget\NuGet.targets = .nuget\NuGet.targets
	EndProjectSection
EndProject
Project("{FAE04EC0-301F-11D3-BF4B-00C04F79EFBC}") = "WindowsUap", "..\WindowsUap\WindowsUap.csproj", "{4AA3181E-FBD4-4D11-AC6C-ABCD52C6516A}"
EndProject
Project("{FAE04EC0-301F-11D3-BF4B-00C04F79EFBC}") = "AdjustWP81Example", "AdjustWP81Example\AdjustWP81Example.csproj", "{FE1441FA-1FAB-4AE5-AAAE-A6ECE9990406}"
EndProject
Project("{FAE04EC0-301F-11D3-BF4B-00C04F79EFBC}") = "AdjustWSExample", "AdjustWSExample\AdjustWSExample.csproj", "{EB84D0D2-583E-405E-9272-0F5FE2DCA507}"
EndProject
Project("{FAE04EC0-301F-11D3-BF4B-00C04F79EFBC}") = "AdjustUAP10", "..\WindowsUAP10\AdjustUAP10.csproj", "{0013B5DC-2C9F-4CDE-8FB2-56CDAC76028E}"
EndProject
Project("{FAE04EC0-301F-11D3-BF4B-00C04F79EFBC}") = "AdjustUAP10Example", "AdjustUAP10Example\AdjustUAP10Example.csproj", "{3C664762-0DC1-4F65-8A2C-EB209F58B9B3}"
EndProject
Project("{2150E333-8FDC-42A3-9474-1A3956D46DE8}") = "IntegrationTesting", "IntegrationTesting", "{19F87C0B-0059-4A1D-9415-BE8D14E8FAB7}"
EndProject
Project("{FAE04EC0-301F-11D3-BF4B-00C04F79EFBC}") = "TestLibrary", "..\IntegrationTesting\TestLibrary\TestLibrary.csproj", "{955E95E0-78BA-4FE7-81B9-90933B5F96BD}"
EndProject
Project("{FAE04EC0-301F-11D3-BF4B-00C04F79EFBC}") = "TestApp", "..\IntegrationTesting\TestApp\TestApp.csproj", "{BDE22597-BD99-4F0F-A2C9-1DBE3B8F96E9}"
EndProject
Project("{FAE04EC0-301F-11D3-BF4B-00C04F79EFBC}") = "WindowsPCL", "..\WindowsPcl\WindowsPCL.csproj", "{1037B76A-1170-414D-AFAE-4C4621E78007}"
EndProject
Global
	GlobalSection(SolutionConfigurationPlatforms) = preSolution
		Debug|Any CPU = Debug|Any CPU
		Debug|ARM = Debug|ARM
		Debug|Mixed Platforms = Debug|Mixed Platforms
		Debug|x64 = Debug|x64
		Debug|x86 = Debug|x86
		Release|Any CPU = Release|Any CPU
		Release|ARM = Release|ARM
		Release|Mixed Platforms = Release|Mixed Platforms
		Release|x64 = Release|x64
		Release|x86 = Release|x86
	EndGlobalSection
	GlobalSection(ProjectConfigurationPlatforms) = postSolution
		{882C2A80-B6A5-42A2-8E28-0749B2090D04}.Debug|Any CPU.ActiveCfg = Debug|Any CPU
		{882C2A80-B6A5-42A2-8E28-0749B2090D04}.Debug|Any CPU.Build.0 = Debug|Any CPU
		{882C2A80-B6A5-42A2-8E28-0749B2090D04}.Debug|ARM.ActiveCfg = Debug|ARM
		{882C2A80-B6A5-42A2-8E28-0749B2090D04}.Debug|ARM.Build.0 = Debug|ARM
		{882C2A80-B6A5-42A2-8E28-0749B2090D04}.Debug|Mixed Platforms.ActiveCfg = Debug|Any CPU
		{882C2A80-B6A5-42A2-8E28-0749B2090D04}.Debug|Mixed Platforms.Build.0 = Debug|Any CPU
		{882C2A80-B6A5-42A2-8E28-0749B2090D04}.Debug|x64.ActiveCfg = Debug|x64
		{882C2A80-B6A5-42A2-8E28-0749B2090D04}.Debug|x64.Build.0 = Debug|x64
		{882C2A80-B6A5-42A2-8E28-0749B2090D04}.Debug|x86.ActiveCfg = Debug|x86
		{882C2A80-B6A5-42A2-8E28-0749B2090D04}.Debug|x86.Build.0 = Debug|x86
		{882C2A80-B6A5-42A2-8E28-0749B2090D04}.Release|Any CPU.ActiveCfg = Release|Any CPU
		{882C2A80-B6A5-42A2-8E28-0749B2090D04}.Release|Any CPU.Build.0 = Release|Any CPU
		{882C2A80-B6A5-42A2-8E28-0749B2090D04}.Release|ARM.ActiveCfg = Release|ARM
		{882C2A80-B6A5-42A2-8E28-0749B2090D04}.Release|ARM.Build.0 = Release|ARM
		{882C2A80-B6A5-42A2-8E28-0749B2090D04}.Release|Mixed Platforms.ActiveCfg = Release|Any CPU
		{882C2A80-B6A5-42A2-8E28-0749B2090D04}.Release|Mixed Platforms.Build.0 = Release|Any CPU
		{882C2A80-B6A5-42A2-8E28-0749B2090D04}.Release|x64.ActiveCfg = Release|x64
		{882C2A80-B6A5-42A2-8E28-0749B2090D04}.Release|x64.Build.0 = Release|x64
		{882C2A80-B6A5-42A2-8E28-0749B2090D04}.Release|x86.ActiveCfg = Release|x86
		{882C2A80-B6A5-42A2-8E28-0749B2090D04}.Release|x86.Build.0 = Release|x86
		{1057A921-4BC8-4CA0-B970-E657A34AA6C3}.Debug|Any CPU.ActiveCfg = Debug|Any CPU
		{1057A921-4BC8-4CA0-B970-E657A34AA6C3}.Debug|Any CPU.Build.0 = Debug|Any CPU
		{1057A921-4BC8-4CA0-B970-E657A34AA6C3}.Debug|ARM.ActiveCfg = Debug|ARM
		{1057A921-4BC8-4CA0-B970-E657A34AA6C3}.Debug|ARM.Build.0 = Debug|ARM
		{1057A921-4BC8-4CA0-B970-E657A34AA6C3}.Debug|Mixed Platforms.ActiveCfg = Debug|Any CPU
		{1057A921-4BC8-4CA0-B970-E657A34AA6C3}.Debug|Mixed Platforms.Build.0 = Debug|Any CPU
		{1057A921-4BC8-4CA0-B970-E657A34AA6C3}.Debug|x64.ActiveCfg = Debug|Any CPU
		{1057A921-4BC8-4CA0-B970-E657A34AA6C3}.Debug|x86.ActiveCfg = Debug|x86
		{1057A921-4BC8-4CA0-B970-E657A34AA6C3}.Debug|x86.Build.0 = Debug|x86
		{1057A921-4BC8-4CA0-B970-E657A34AA6C3}.Release|Any CPU.ActiveCfg = Release|Any CPU
		{1057A921-4BC8-4CA0-B970-E657A34AA6C3}.Release|Any CPU.Build.0 = Release|Any CPU
		{1057A921-4BC8-4CA0-B970-E657A34AA6C3}.Release|ARM.ActiveCfg = Release|ARM
		{1057A921-4BC8-4CA0-B970-E657A34AA6C3}.Release|ARM.Build.0 = Release|ARM
		{1057A921-4BC8-4CA0-B970-E657A34AA6C3}.Release|Mixed Platforms.ActiveCfg = Release|Any CPU
		{1057A921-4BC8-4CA0-B970-E657A34AA6C3}.Release|Mixed Platforms.Build.0 = Release|Any CPU
		{1057A921-4BC8-4CA0-B970-E657A34AA6C3}.Release|x64.ActiveCfg = Release|Any CPU
		{1057A921-4BC8-4CA0-B970-E657A34AA6C3}.Release|x86.ActiveCfg = Release|x86
		{1057A921-4BC8-4CA0-B970-E657A34AA6C3}.Release|x86.Build.0 = Release|x86
		{4AA3181E-FBD4-4D11-AC6C-ABCD52C6516A}.Debug|Any CPU.ActiveCfg = Debug|Any CPU
		{4AA3181E-FBD4-4D11-AC6C-ABCD52C6516A}.Debug|Any CPU.Build.0 = Debug|Any CPU
		{4AA3181E-FBD4-4D11-AC6C-ABCD52C6516A}.Debug|ARM.ActiveCfg = Debug|Any CPU
		{4AA3181E-FBD4-4D11-AC6C-ABCD52C6516A}.Debug|ARM.Build.0 = Debug|Any CPU
		{4AA3181E-FBD4-4D11-AC6C-ABCD52C6516A}.Debug|Mixed Platforms.ActiveCfg = Debug|Any CPU
		{4AA3181E-FBD4-4D11-AC6C-ABCD52C6516A}.Debug|Mixed Platforms.Build.0 = Debug|Any CPU
		{4AA3181E-FBD4-4D11-AC6C-ABCD52C6516A}.Debug|x64.ActiveCfg = Debug|Any CPU
		{4AA3181E-FBD4-4D11-AC6C-ABCD52C6516A}.Debug|x86.ActiveCfg = Debug|Any CPU
		{4AA3181E-FBD4-4D11-AC6C-ABCD52C6516A}.Release|Any CPU.ActiveCfg = Release|Any CPU
		{4AA3181E-FBD4-4D11-AC6C-ABCD52C6516A}.Release|Any CPU.Build.0 = Release|Any CPU
		{4AA3181E-FBD4-4D11-AC6C-ABCD52C6516A}.Release|ARM.ActiveCfg = Release|Any CPU
		{4AA3181E-FBD4-4D11-AC6C-ABCD52C6516A}.Release|ARM.Build.0 = Release|Any CPU
		{4AA3181E-FBD4-4D11-AC6C-ABCD52C6516A}.Release|Mixed Platforms.ActiveCfg = Release|Any CPU
		{4AA3181E-FBD4-4D11-AC6C-ABCD52C6516A}.Release|Mixed Platforms.Build.0 = Release|Any CPU
		{4AA3181E-FBD4-4D11-AC6C-ABCD52C6516A}.Release|x64.ActiveCfg = Release|Any CPU
		{4AA3181E-FBD4-4D11-AC6C-ABCD52C6516A}.Release|x86.ActiveCfg = Release|Any CPU
		{FE1441FA-1FAB-4AE5-AAAE-A6ECE9990406}.Debug|Any CPU.ActiveCfg = Debug|Any CPU
		{FE1441FA-1FAB-4AE5-AAAE-A6ECE9990406}.Debug|Any CPU.Build.0 = Debug|Any CPU
		{FE1441FA-1FAB-4AE5-AAAE-A6ECE9990406}.Debug|Any CPU.Deploy.0 = Debug|Any CPU
		{FE1441FA-1FAB-4AE5-AAAE-A6ECE9990406}.Debug|ARM.ActiveCfg = Debug|ARM
		{FE1441FA-1FAB-4AE5-AAAE-A6ECE9990406}.Debug|ARM.Build.0 = Debug|ARM
		{FE1441FA-1FAB-4AE5-AAAE-A6ECE9990406}.Debug|ARM.Deploy.0 = Debug|ARM
		{FE1441FA-1FAB-4AE5-AAAE-A6ECE9990406}.Debug|Mixed Platforms.ActiveCfg = Debug|Any CPU
		{FE1441FA-1FAB-4AE5-AAAE-A6ECE9990406}.Debug|Mixed Platforms.Build.0 = Debug|Any CPU
		{FE1441FA-1FAB-4AE5-AAAE-A6ECE9990406}.Debug|Mixed Platforms.Deploy.0 = Debug|Any CPU
		{FE1441FA-1FAB-4AE5-AAAE-A6ECE9990406}.Debug|x64.ActiveCfg = Debug|Any CPU
		{FE1441FA-1FAB-4AE5-AAAE-A6ECE9990406}.Debug|x86.ActiveCfg = Debug|x86
		{FE1441FA-1FAB-4AE5-AAAE-A6ECE9990406}.Debug|x86.Build.0 = Debug|x86
		{FE1441FA-1FAB-4AE5-AAAE-A6ECE9990406}.Debug|x86.Deploy.0 = Debug|x86
		{FE1441FA-1FAB-4AE5-AAAE-A6ECE9990406}.Release|Any CPU.ActiveCfg = Release|Any CPU
		{FE1441FA-1FAB-4AE5-AAAE-A6ECE9990406}.Release|Any CPU.Build.0 = Release|Any CPU
		{FE1441FA-1FAB-4AE5-AAAE-A6ECE9990406}.Release|Any CPU.Deploy.0 = Release|Any CPU
		{FE1441FA-1FAB-4AE5-AAAE-A6ECE9990406}.Release|ARM.ActiveCfg = Release|ARM
		{FE1441FA-1FAB-4AE5-AAAE-A6ECE9990406}.Release|ARM.Build.0 = Release|ARM
		{FE1441FA-1FAB-4AE5-AAAE-A6ECE9990406}.Release|ARM.Deploy.0 = Release|ARM
		{FE1441FA-1FAB-4AE5-AAAE-A6ECE9990406}.Release|Mixed Platforms.ActiveCfg = Debug|Any CPU
		{FE1441FA-1FAB-4AE5-AAAE-A6ECE9990406}.Release|Mixed Platforms.Build.0 = Debug|Any CPU
		{FE1441FA-1FAB-4AE5-AAAE-A6ECE9990406}.Release|Mixed Platforms.Deploy.0 = Debug|Any CPU
		{FE1441FA-1FAB-4AE5-AAAE-A6ECE9990406}.Release|x64.ActiveCfg = Release|Any CPU
		{FE1441FA-1FAB-4AE5-AAAE-A6ECE9990406}.Release|x86.ActiveCfg = Release|x86
		{FE1441FA-1FAB-4AE5-AAAE-A6ECE9990406}.Release|x86.Build.0 = Release|x86
		{FE1441FA-1FAB-4AE5-AAAE-A6ECE9990406}.Release|x86.Deploy.0 = Release|x86
		{EB84D0D2-583E-405E-9272-0F5FE2DCA507}.Debug|Any CPU.ActiveCfg = Debug|Any CPU
		{EB84D0D2-583E-405E-9272-0F5FE2DCA507}.Debug|Any CPU.Build.0 = Debug|Any CPU
		{EB84D0D2-583E-405E-9272-0F5FE2DCA507}.Debug|Any CPU.Deploy.0 = Debug|Any CPU
		{EB84D0D2-583E-405E-9272-0F5FE2DCA507}.Debug|ARM.ActiveCfg = Debug|ARM
		{EB84D0D2-583E-405E-9272-0F5FE2DCA507}.Debug|ARM.Build.0 = Debug|ARM
		{EB84D0D2-583E-405E-9272-0F5FE2DCA507}.Debug|ARM.Deploy.0 = Debug|ARM
		{EB84D0D2-583E-405E-9272-0F5FE2DCA507}.Debug|Mixed Platforms.ActiveCfg = Debug|Any CPU
		{EB84D0D2-583E-405E-9272-0F5FE2DCA507}.Debug|Mixed Platforms.Build.0 = Debug|Any CPU
		{EB84D0D2-583E-405E-9272-0F5FE2DCA507}.Debug|Mixed Platforms.Deploy.0 = Debug|Any CPU
		{EB84D0D2-583E-405E-9272-0F5FE2DCA507}.Debug|x64.ActiveCfg = Debug|x64
		{EB84D0D2-583E-405E-9272-0F5FE2DCA507}.Debug|x64.Build.0 = Debug|x64
		{EB84D0D2-583E-405E-9272-0F5FE2DCA507}.Debug|x64.Deploy.0 = Debug|x64
		{EB84D0D2-583E-405E-9272-0F5FE2DCA507}.Debug|x86.ActiveCfg = Debug|x86
		{EB84D0D2-583E-405E-9272-0F5FE2DCA507}.Debug|x86.Build.0 = Debug|x86
		{EB84D0D2-583E-405E-9272-0F5FE2DCA507}.Debug|x86.Deploy.0 = Debug|x86
		{EB84D0D2-583E-405E-9272-0F5FE2DCA507}.Release|Any CPU.ActiveCfg = Release|Any CPU
		{EB84D0D2-583E-405E-9272-0F5FE2DCA507}.Release|Any CPU.Build.0 = Release|Any CPU
		{EB84D0D2-583E-405E-9272-0F5FE2DCA507}.Release|Any CPU.Deploy.0 = Release|Any CPU
		{EB84D0D2-583E-405E-9272-0F5FE2DCA507}.Release|ARM.ActiveCfg = Release|ARM
		{EB84D0D2-583E-405E-9272-0F5FE2DCA507}.Release|ARM.Build.0 = Release|ARM
		{EB84D0D2-583E-405E-9272-0F5FE2DCA507}.Release|ARM.Deploy.0 = Release|ARM
		{EB84D0D2-583E-405E-9272-0F5FE2DCA507}.Release|Mixed Platforms.ActiveCfg = Debug|Any CPU
		{EB84D0D2-583E-405E-9272-0F5FE2DCA507}.Release|Mixed Platforms.Build.0 = Debug|Any CPU
		{EB84D0D2-583E-405E-9272-0F5FE2DCA507}.Release|Mixed Platforms.Deploy.0 = Debug|Any CPU
		{EB84D0D2-583E-405E-9272-0F5FE2DCA507}.Release|x64.ActiveCfg = Release|x64
		{EB84D0D2-583E-405E-9272-0F5FE2DCA507}.Release|x64.Build.0 = Release|x64
		{EB84D0D2-583E-405E-9272-0F5FE2DCA507}.Release|x64.Deploy.0 = Release|x64
		{EB84D0D2-583E-405E-9272-0F5FE2DCA507}.Release|x86.ActiveCfg = Release|x86
		{EB84D0D2-583E-405E-9272-0F5FE2DCA507}.Release|x86.Build.0 = Release|x86
		{EB84D0D2-583E-405E-9272-0F5FE2DCA507}.Release|x86.Deploy.0 = Release|x86
		{0013B5DC-2C9F-4CDE-8FB2-56CDAC76028E}.Debug|Any CPU.ActiveCfg = Debug|Any CPU
		{0013B5DC-2C9F-4CDE-8FB2-56CDAC76028E}.Debug|Any CPU.Build.0 = Debug|Any CPU
		{0013B5DC-2C9F-4CDE-8FB2-56CDAC76028E}.Debug|ARM.ActiveCfg = Debug|ARM
		{0013B5DC-2C9F-4CDE-8FB2-56CDAC76028E}.Debug|ARM.Build.0 = Debug|ARM
		{0013B5DC-2C9F-4CDE-8FB2-56CDAC76028E}.Debug|Mixed Platforms.ActiveCfg = Debug|Any CPU
		{0013B5DC-2C9F-4CDE-8FB2-56CDAC76028E}.Debug|Mixed Platforms.Build.0 = Debug|Any CPU
		{0013B5DC-2C9F-4CDE-8FB2-56CDAC76028E}.Debug|x64.ActiveCfg = Debug|x64
		{0013B5DC-2C9F-4CDE-8FB2-56CDAC76028E}.Debug|x64.Build.0 = Debug|x64
		{0013B5DC-2C9F-4CDE-8FB2-56CDAC76028E}.Debug|x86.ActiveCfg = Debug|x86
		{0013B5DC-2C9F-4CDE-8FB2-56CDAC76028E}.Debug|x86.Build.0 = Debug|x86
		{0013B5DC-2C9F-4CDE-8FB2-56CDAC76028E}.Release|Any CPU.ActiveCfg = Release|Any CPU
		{0013B5DC-2C9F-4CDE-8FB2-56CDAC76028E}.Release|Any CPU.Build.0 = Release|Any CPU
		{0013B5DC-2C9F-4CDE-8FB2-56CDAC76028E}.Release|ARM.ActiveCfg = Release|ARM
		{0013B5DC-2C9F-4CDE-8FB2-56CDAC76028E}.Release|ARM.Build.0 = Release|ARM
		{0013B5DC-2C9F-4CDE-8FB2-56CDAC76028E}.Release|Mixed Platforms.ActiveCfg = Release|Any CPU
		{0013B5DC-2C9F-4CDE-8FB2-56CDAC76028E}.Release|Mixed Platforms.Build.0 = Release|Any CPU
		{0013B5DC-2C9F-4CDE-8FB2-56CDAC76028E}.Release|x64.ActiveCfg = Release|x64
		{0013B5DC-2C9F-4CDE-8FB2-56CDAC76028E}.Release|x64.Build.0 = Release|x64
		{0013B5DC-2C9F-4CDE-8FB2-56CDAC76028E}.Release|x86.ActiveCfg = Release|x86
		{0013B5DC-2C9F-4CDE-8FB2-56CDAC76028E}.Release|x86.Build.0 = Release|x86
		{3C664762-0DC1-4F65-8A2C-EB209F58B9B3}.Debug|Any CPU.ActiveCfg = Debug|x86
		{3C664762-0DC1-4F65-8A2C-EB209F58B9B3}.Debug|ARM.ActiveCfg = Debug|ARM
		{3C664762-0DC1-4F65-8A2C-EB209F58B9B3}.Debug|ARM.Build.0 = Debug|ARM
		{3C664762-0DC1-4F65-8A2C-EB209F58B9B3}.Debug|ARM.Deploy.0 = Debug|ARM
		{3C664762-0DC1-4F65-8A2C-EB209F58B9B3}.Debug|Mixed Platforms.ActiveCfg = Debug|x86
		{3C664762-0DC1-4F65-8A2C-EB209F58B9B3}.Debug|Mixed Platforms.Build.0 = Debug|x86
		{3C664762-0DC1-4F65-8A2C-EB209F58B9B3}.Debug|Mixed Platforms.Deploy.0 = Debug|x86
		{3C664762-0DC1-4F65-8A2C-EB209F58B9B3}.Debug|x64.ActiveCfg = Debug|x64
		{3C664762-0DC1-4F65-8A2C-EB209F58B9B3}.Debug|x64.Build.0 = Debug|x64
		{3C664762-0DC1-4F65-8A2C-EB209F58B9B3}.Debug|x64.Deploy.0 = Debug|x64
		{3C664762-0DC1-4F65-8A2C-EB209F58B9B3}.Debug|x86.ActiveCfg = Debug|x86
		{3C664762-0DC1-4F65-8A2C-EB209F58B9B3}.Debug|x86.Build.0 = Debug|x86
		{3C664762-0DC1-4F65-8A2C-EB209F58B9B3}.Debug|x86.Deploy.0 = Debug|x86
		{3C664762-0DC1-4F65-8A2C-EB209F58B9B3}.Release|Any CPU.ActiveCfg = Release|x86
		{3C664762-0DC1-4F65-8A2C-EB209F58B9B3}.Release|ARM.ActiveCfg = Release|ARM
		{3C664762-0DC1-4F65-8A2C-EB209F58B9B3}.Release|ARM.Build.0 = Release|ARM
		{3C664762-0DC1-4F65-8A2C-EB209F58B9B3}.Release|ARM.Deploy.0 = Release|ARM
		{3C664762-0DC1-4F65-8A2C-EB209F58B9B3}.Release|Mixed Platforms.ActiveCfg = Debug|x86
		{3C664762-0DC1-4F65-8A2C-EB209F58B9B3}.Release|Mixed Platforms.Build.0 = Debug|x86
		{3C664762-0DC1-4F65-8A2C-EB209F58B9B3}.Release|Mixed Platforms.Deploy.0 = Debug|x86
		{3C664762-0DC1-4F65-8A2C-EB209F58B9B3}.Release|x64.ActiveCfg = Release|x64
		{3C664762-0DC1-4F65-8A2C-EB209F58B9B3}.Release|x64.Build.0 = Release|x64
		{3C664762-0DC1-4F65-8A2C-EB209F58B9B3}.Release|x64.Deploy.0 = Release|x64
		{3C664762-0DC1-4F65-8A2C-EB209F58B9B3}.Release|x86.ActiveCfg = Release|x86
		{3C664762-0DC1-4F65-8A2C-EB209F58B9B3}.Release|x86.Build.0 = Release|x86
		{3C664762-0DC1-4F65-8A2C-EB209F58B9B3}.Release|x86.Deploy.0 = Release|x86
		{955E95E0-78BA-4FE7-81B9-90933B5F96BD}.Debug|Any CPU.ActiveCfg = Debug|Any CPU
		{955E95E0-78BA-4FE7-81B9-90933B5F96BD}.Debug|Any CPU.Build.0 = Debug|Any CPU
		{955E95E0-78BA-4FE7-81B9-90933B5F96BD}.Debug|ARM.ActiveCfg = Debug|Any CPU
		{955E95E0-78BA-4FE7-81B9-90933B5F96BD}.Debug|ARM.Build.0 = Debug|Any CPU
		{955E95E0-78BA-4FE7-81B9-90933B5F96BD}.Debug|Mixed Platforms.ActiveCfg = Debug|Any CPU
		{955E95E0-78BA-4FE7-81B9-90933B5F96BD}.Debug|Mixed Platforms.Build.0 = Debug|Any CPU
		{955E95E0-78BA-4FE7-81B9-90933B5F96BD}.Debug|x64.ActiveCfg = Debug|Any CPU
		{955E95E0-78BA-4FE7-81B9-90933B5F96BD}.Debug|x64.Build.0 = Debug|Any CPU
		{955E95E0-78BA-4FE7-81B9-90933B5F96BD}.Debug|x86.ActiveCfg = Debug|Any CPU
		{955E95E0-78BA-4FE7-81B9-90933B5F96BD}.Debug|x86.Build.0 = Debug|Any CPU
		{955E95E0-78BA-4FE7-81B9-90933B5F96BD}.Release|Any CPU.ActiveCfg = Release|Any CPU
		{955E95E0-78BA-4FE7-81B9-90933B5F96BD}.Release|Any CPU.Build.0 = Release|Any CPU
		{955E95E0-78BA-4FE7-81B9-90933B5F96BD}.Release|ARM.ActiveCfg = Release|Any CPU
		{955E95E0-78BA-4FE7-81B9-90933B5F96BD}.Release|ARM.Build.0 = Release|Any CPU
		{955E95E0-78BA-4FE7-81B9-90933B5F96BD}.Release|Mixed Platforms.ActiveCfg = Release|Any CPU
		{955E95E0-78BA-4FE7-81B9-90933B5F96BD}.Release|Mixed Platforms.Build.0 = Release|Any CPU
		{955E95E0-78BA-4FE7-81B9-90933B5F96BD}.Release|x64.ActiveCfg = Release|Any CPU
		{955E95E0-78BA-4FE7-81B9-90933B5F96BD}.Release|x64.Build.0 = Release|Any CPU
		{955E95E0-78BA-4FE7-81B9-90933B5F96BD}.Release|x86.ActiveCfg = Release|Any CPU
		{955E95E0-78BA-4FE7-81B9-90933B5F96BD}.Release|x86.Build.0 = Release|Any CPU
		{BDE22597-BD99-4F0F-A2C9-1DBE3B8F96E9}.Debug|Any CPU.ActiveCfg = Debug|x86
		{BDE22597-BD99-4F0F-A2C9-1DBE3B8F96E9}.Debug|ARM.ActiveCfg = Debug|ARM
		{BDE22597-BD99-4F0F-A2C9-1DBE3B8F96E9}.Debug|ARM.Build.0 = Debug|ARM
		{BDE22597-BD99-4F0F-A2C9-1DBE3B8F96E9}.Debug|ARM.Deploy.0 = Debug|ARM
		{BDE22597-BD99-4F0F-A2C9-1DBE3B8F96E9}.Debug|Mixed Platforms.ActiveCfg = Debug|x86
		{BDE22597-BD99-4F0F-A2C9-1DBE3B8F96E9}.Debug|Mixed Platforms.Build.0 = Debug|x86
		{BDE22597-BD99-4F0F-A2C9-1DBE3B8F96E9}.Debug|Mixed Platforms.Deploy.0 = Debug|x86
		{BDE22597-BD99-4F0F-A2C9-1DBE3B8F96E9}.Debug|x64.ActiveCfg = Debug|x64
		{BDE22597-BD99-4F0F-A2C9-1DBE3B8F96E9}.Debug|x64.Build.0 = Debug|x64
		{BDE22597-BD99-4F0F-A2C9-1DBE3B8F96E9}.Debug|x64.Deploy.0 = Debug|x64
		{BDE22597-BD99-4F0F-A2C9-1DBE3B8F96E9}.Debug|x86.ActiveCfg = Debug|x86
		{BDE22597-BD99-4F0F-A2C9-1DBE3B8F96E9}.Debug|x86.Build.0 = Debug|x86
		{BDE22597-BD99-4F0F-A2C9-1DBE3B8F96E9}.Debug|x86.Deploy.0 = Debug|x86
		{BDE22597-BD99-4F0F-A2C9-1DBE3B8F96E9}.Release|Any CPU.ActiveCfg = Release|x86
		{BDE22597-BD99-4F0F-A2C9-1DBE3B8F96E9}.Release|ARM.ActiveCfg = Release|ARM
		{BDE22597-BD99-4F0F-A2C9-1DBE3B8F96E9}.Release|ARM.Build.0 = Release|ARM
		{BDE22597-BD99-4F0F-A2C9-1DBE3B8F96E9}.Release|ARM.Deploy.0 = Release|ARM
		{BDE22597-BD99-4F0F-A2C9-1DBE3B8F96E9}.Release|Mixed Platforms.ActiveCfg = Release|x86
		{BDE22597-BD99-4F0F-A2C9-1DBE3B8F96E9}.Release|Mixed Platforms.Build.0 = Release|x86
		{BDE22597-BD99-4F0F-A2C9-1DBE3B8F96E9}.Release|Mixed Platforms.Deploy.0 = Release|x86
		{BDE22597-BD99-4F0F-A2C9-1DBE3B8F96E9}.Release|x64.ActiveCfg = Release|x64
		{BDE22597-BD99-4F0F-A2C9-1DBE3B8F96E9}.Release|x64.Build.0 = Release|x64
		{BDE22597-BD99-4F0F-A2C9-1DBE3B8F96E9}.Release|x64.Deploy.0 = Release|x64
		{BDE22597-BD99-4F0F-A2C9-1DBE3B8F96E9}.Release|x86.ActiveCfg = Release|x86
		{BDE22597-BD99-4F0F-A2C9-1DBE3B8F96E9}.Release|x86.Build.0 = Release|x86
		{BDE22597-BD99-4F0F-A2C9-1DBE3B8F96E9}.Release|x86.Deploy.0 = Release|x86
		{1037B76A-1170-414D-AFAE-4C4621E78007}.Debug|Any CPU.ActiveCfg = Debug|Any CPU
		{1037B76A-1170-414D-AFAE-4C4621E78007}.Debug|Any CPU.Build.0 = Debug|Any CPU
		{1037B76A-1170-414D-AFAE-4C4621E78007}.Debug|ARM.ActiveCfg = Debug|Any CPU
		{1037B76A-1170-414D-AFAE-4C4621E78007}.Debug|ARM.Build.0 = Debug|Any CPU
		{1037B76A-1170-414D-AFAE-4C4621E78007}.Debug|Mixed Platforms.ActiveCfg = Debug|Any CPU
		{1037B76A-1170-414D-AFAE-4C4621E78007}.Debug|Mixed Platforms.Build.0 = Debug|Any CPU
		{1037B76A-1170-414D-AFAE-4C4621E78007}.Debug|x64.ActiveCfg = Debug|Any CPU
		{1037B76A-1170-414D-AFAE-4C4621E78007}.Debug|x64.Build.0 = Debug|Any CPU
		{1037B76A-1170-414D-AFAE-4C4621E78007}.Debug|x86.ActiveCfg = Debug|Any CPU
		{1037B76A-1170-414D-AFAE-4C4621E78007}.Debug|x86.Build.0 = Debug|Any CPU
		{1037B76A-1170-414D-AFAE-4C4621E78007}.Release|Any CPU.ActiveCfg = Release|Any CPU
		{1037B76A-1170-414D-AFAE-4C4621E78007}.Release|Any CPU.Build.0 = Release|Any CPU
		{1037B76A-1170-414D-AFAE-4C4621E78007}.Release|ARM.ActiveCfg = Release|Any CPU
		{1037B76A-1170-414D-AFAE-4C4621E78007}.Release|ARM.Build.0 = Release|Any CPU
		{1037B76A-1170-414D-AFAE-4C4621E78007}.Release|Mixed Platforms.ActiveCfg = Release|Any CPU
		{1037B76A-1170-414D-AFAE-4C4621E78007}.Release|Mixed Platforms.Build.0 = Release|Any CPU
		{1037B76A-1170-414D-AFAE-4C4621E78007}.Release|x64.ActiveCfg = Release|Any CPU
		{1037B76A-1170-414D-AFAE-4C4621E78007}.Release|x64.Build.0 = Release|Any CPU
		{1037B76A-1170-414D-AFAE-4C4621E78007}.Release|x86.ActiveCfg = Release|Any CPU
		{1037B76A-1170-414D-AFAE-4C4621E78007}.Release|x86.Build.0 = Release|Any CPU
	EndGlobalSection
	GlobalSection(SolutionProperties) = preSolution
		HideSolutionNode = FALSE
	EndGlobalSection
	GlobalSection(NestedProjects) = preSolution
		{955E95E0-78BA-4FE7-81B9-90933B5F96BD} = {19F87C0B-0059-4A1D-9415-BE8D14E8FAB7}
		{BDE22597-BD99-4F0F-A2C9-1DBE3B8F96E9} = {19F87C0B-0059-4A1D-9415-BE8D14E8FAB7}
	EndGlobalSection
EndGlobal
